<?xml version="1.0" encoding="utf-8"?>
<Project ToolsVersion="14.0" xmlns="http://schemas.microsoft.com/developer/msbuild/2003">
  <ItemGroup>
    <CustomBuild Include="J:\ExternalPrograms\3dParty\assimp-master\AssimpBuild\CMakeFiles\92e88bc786e31f7171aa78b6fc376d36\INSTALL_force.rule">
      <Filter>CMake Rules</Filter>
    </CustomBuild>
  </ItemGroup>
  <ItemGroup>
    <Filter Include="CMake Rules">
      <UniqueIdentifier>{99E149E2-64D7-3A9C-B198-92C6BC190540}</UniqueIdentifier>
    </Filter>
  </ItemGroup>
</Project>
