<?xml version="1.0" encoding="utf-8"?>
<Project ToolsVersion="14.0" xmlns="http://schemas.microsoft.com/developer/msbuild/2003">
  <ItemGroup>
    <ClCompile Include="J:\ExternalPrograms\3dParty\assimp-master\code\Common\Assimp.cpp">
      <Filter>Source Files</Filter>
    </ClCompile>
    <ClCompile Include="J:\ExternalPrograms\3dParty\assimp-master\code\CApi\CInterfaceIOWrapper.cpp">
      <Filter>CApi</Filter>
    </ClCompile>
    <ClCompile Include="J:\ExternalPrograms\3dParty\assimp-master\code\Common\BaseImporter.cpp">
      <Filter>Common</Filter>
    </ClCompile>
    <ClCompile Include="J:\ExternalPrograms\3dParty\assimp-master\code\Common\BaseProcess.cpp">
      <Filter>Common</Filter>
    </ClCompile>
    <ClCompile Include="J:\ExternalPrograms\3dParty\assimp-master\code\Common\PostStepRegistry.cpp">
      <Filter>Common</Filter>
    </ClCompile>
    <ClCompile Include="J:\ExternalPrograms\3dParty\assimp-master\code\Common\ImporterRegistry.cpp">
      <Filter>Common</Filter>
    </ClCompile>
    <ClCompile Include="J:\ExternalPrograms\3dParty\assimp-master\code\Common\DefaultIOStream.cpp">
      <Filter>Common</Filter>
    </ClCompile>
    <ClCompile Include="J:\ExternalPrograms\3dParty\assimp-master\code\Common\DefaultIOSystem.cpp">
      <Filter>Common</Filter>
    </ClCompile>
    <ClCompile Include="J:\ExternalPrograms\3dParty\assimp-master\code\Common\ZipArchiveIOSystem.cpp">
      <Filter>Common</Filter>
    </ClCompile>
    <ClCompile Include="J:\ExternalPrograms\3dParty\assimp-master\code\Common\Importer.cpp">
      <Filter>Common</Filter>
    </ClCompile>
    <ClCompile Include="J:\ExternalPrograms\3dParty\assimp-master\code\Common\SGSpatialSort.cpp">
      <Filter>Common</Filter>
    </ClCompile>
    <ClCompile Include="J:\ExternalPrograms\3dParty\assimp-master\code\Common\VertexTriangleAdjacency.cpp">
      <Filter>Common</Filter>
    </ClCompile>
    <ClCompile Include="J:\ExternalPrograms\3dParty\assimp-master\code\Common\SpatialSort.cpp">
      <Filter>Common</Filter>
    </ClCompile>
    <ClCompile Include="J:\ExternalPrograms\3dParty\assimp-master\code\Common\SceneCombiner.cpp">
      <Filter>Common</Filter>
    </ClCompile>
    <ClCompile Include="J:\ExternalPrograms\3dParty\assimp-master\code\Common\ScenePreprocessor.cpp">
      <Filter>Common</Filter>
    </ClCompile>
    <ClCompile Include="J:\ExternalPrograms\3dParty\assimp-master\code\Common\SkeletonMeshBuilder.cpp">
      <Filter>Common</Filter>
    </ClCompile>
    <ClCompile Include="J:\ExternalPrograms\3dParty\assimp-master\code\Common\SplitByBoneCountProcess.cpp">
      <Filter>Common</Filter>
    </ClCompile>
    <ClCompile Include="J:\ExternalPrograms\3dParty\assimp-master\code\Common\StandardShapes.cpp">
      <Filter>Common</Filter>
    </ClCompile>
    <ClCompile Include="J:\ExternalPrograms\3dParty\assimp-master\code\Common\TargetAnimation.cpp">
      <Filter>Common</Filter>
    </ClCompile>
    <ClCompile Include="J:\ExternalPrograms\3dParty\assimp-master\code\Common\RemoveComments.cpp">
      <Filter>Common</Filter>
    </ClCompile>
    <ClCompile Include="J:\ExternalPrograms\3dParty\assimp-master\code\Common\Subdivision.cpp">
      <Filter>Common</Filter>
    </ClCompile>
    <ClCompile Include="J:\ExternalPrograms\3dParty\assimp-master\code\Common\scene.cpp">
      <Filter>Common</Filter>
    </ClCompile>
    <ClCompile Include="J:\ExternalPrograms\3dParty\assimp-master\code\Common\Bitmap.cpp">
      <Filter>Common</Filter>
    </ClCompile>
    <ClCompile Include="J:\ExternalPrograms\3dParty\assimp-master\code\Common\Version.cpp">
      <Filter>Common</Filter>
    </ClCompile>
    <ClCompile Include="J:\ExternalPrograms\3dParty\assimp-master\code\Common\CreateAnimMesh.cpp">
      <Filter>Common</Filter>
    </ClCompile>
    <ClCompile Include="J:\ExternalPrograms\3dParty\assimp-master\code\Common\simd.cpp">
      <Filter>Common</Filter>
    </ClCompile>
    <ClCompile Include="J:\ExternalPrograms\3dParty\assimp-master\code\Common\DefaultLogger.cpp">
      <Filter>Logging</Filter>
    </ClCompile>
    <ClCompile Include="J:\ExternalPrograms\3dParty\assimp-master\code\Common\Exporter.cpp">
      <Filter>Exporter</Filter>
    </ClCompile>
    <ClCompile Include="J:\ExternalPrograms\3dParty\assimp-master\code\CApi\AssimpCExport.cpp">
      <Filter>Exporter</Filter>
    </ClCompile>
    <ClCompile Include="J:\ExternalPrograms\3dParty\assimp-master\code\PostProcessing\CalcTangentsProcess.cpp">
      <Filter>PostProcessing</Filter>
    </ClCompile>
    <ClCompile Include="J:\ExternalPrograms\3dParty\assimp-master\code\PostProcessing\ComputeUVMappingProcess.cpp">
      <Filter>PostProcessing</Filter>
    </ClCompile>
    <ClCompile Include="J:\ExternalPrograms\3dParty\assimp-master\code\PostProcessing\ConvertToLHProcess.cpp">
      <Filter>PostProcessing</Filter>
    </ClCompile>
    <ClCompile Include="J:\ExternalPrograms\3dParty\assimp-master\code\PostProcessing\EmbedTexturesProcess.cpp">
      <Filter>PostProcessing</Filter>
    </ClCompile>
    <ClCompile Include="J:\ExternalPrograms\3dParty\assimp-master\code\PostProcessing\FindDegenerates.cpp">
      <Filter>PostProcessing</Filter>
    </ClCompile>
    <ClCompile Include="J:\ExternalPrograms\3dParty\assimp-master\code\PostProcessing\FindInstancesProcess.cpp">
      <Filter>PostProcessing</Filter>
    </ClCompile>
    <ClCompile Include="J:\ExternalPrograms\3dParty\assimp-master\code\PostProcessing\FindInvalidDataProcess.cpp">
      <Filter>PostProcessing</Filter>
    </ClCompile>
    <ClCompile Include="J:\ExternalPrograms\3dParty\assimp-master\code\PostProcessing\FixNormalsStep.cpp">
      <Filter>PostProcessing</Filter>
    </ClCompile>
    <ClCompile Include="J:\ExternalPrograms\3dParty\assimp-master\code\PostProcessing\DropFaceNormalsProcess.cpp">
      <Filter>PostProcessing</Filter>
    </ClCompile>
    <ClCompile Include="J:\ExternalPrograms\3dParty\assimp-master\code\PostProcessing\GenFaceNormalsProcess.cpp">
      <Filter>PostProcessing</Filter>
    </ClCompile>
    <ClCompile Include="J:\ExternalPrograms\3dParty\assimp-master\code\PostProcessing\GenVertexNormalsProcess.cpp">
      <Filter>PostProcessing</Filter>
    </ClCompile>
    <ClCompile Include="J:\ExternalPrograms\3dParty\assimp-master\code\PostProcessing\PretransformVertices.cpp">
      <Filter>PostProcessing</Filter>
    </ClCompile>
    <ClCompile Include="J:\ExternalPrograms\3dParty\assimp-master\code\PostProcessing\ImproveCacheLocality.cpp">
      <Filter>PostProcessing</Filter>
    </ClCompile>
    <ClCompile Include="J:\ExternalPrograms\3dParty\assimp-master\code\PostProcessing\JoinVerticesProcess.cpp">
      <Filter>PostProcessing</Filter>
    </ClCompile>
    <ClCompile Include="J:\ExternalPrograms\3dParty\assimp-master\code\PostProcessing\LimitBoneWeightsProcess.cpp">
      <Filter>PostProcessing</Filter>
    </ClCompile>
    <ClCompile Include="J:\ExternalPrograms\3dParty\assimp-master\code\PostProcessing\RemoveRedundantMaterials.cpp">
      <Filter>PostProcessing</Filter>
    </ClCompile>
    <ClCompile Include="J:\ExternalPrograms\3dParty\assimp-master\code\PostProcessing\RemoveVCProcess.cpp">
      <Filter>PostProcessing</Filter>
    </ClCompile>
    <ClCompile Include="J:\ExternalPrograms\3dParty\assimp-master\code\PostProcessing\SortByPTypeProcess.cpp">
      <Filter>PostProcessing</Filter>
    </ClCompile>
    <ClCompile Include="J:\ExternalPrograms\3dParty\assimp-master\code\PostProcessing\SplitLargeMeshes.cpp">
      <Filter>PostProcessing</Filter>
    </ClCompile>
    <ClCompile Include="J:\ExternalPrograms\3dParty\assimp-master\code\PostProcessing\TextureTransform.cpp">
      <Filter>PostProcessing</Filter>
    </ClCompile>
    <ClCompile Include="J:\ExternalPrograms\3dParty\assimp-master\code\PostProcessing\TriangulateProcess.cpp">
      <Filter>PostProcessing</Filter>
    </ClCompile>
    <ClCompile Include="J:\ExternalPrograms\3dParty\assimp-master\code\PostProcessing\ValidateDataStructure.cpp">
      <Filter>PostProcessing</Filter>
    </ClCompile>
    <ClCompile Include="J:\ExternalPrograms\3dParty\assimp-master\code\PostProcessing\OptimizeGraph.cpp">
      <Filter>PostProcessing</Filter>
    </ClCompile>
    <ClCompile Include="J:\ExternalPrograms\3dParty\assimp-master\code\PostProcessing\OptimizeMeshes.cpp">
      <Filter>PostProcessing</Filter>
    </ClCompile>
    <ClCompile Include="J:\ExternalPrograms\3dParty\assimp-master\code\PostProcessing\DeboneProcess.cpp">
      <Filter>PostProcessing</Filter>
    </ClCompile>
    <ClCompile Include="J:\ExternalPrograms\3dParty\assimp-master\code\PostProcessing\ProcessHelper.cpp">
      <Filter>PostProcessing</Filter>
    </ClCompile>
    <ClCompile Include="J:\ExternalPrograms\3dParty\assimp-master\code\PostProcessing\MakeVerboseFormat.cpp">
      <Filter>PostProcessing</Filter>
    </ClCompile>
    <ClCompile Include="J:\ExternalPrograms\3dParty\assimp-master\code\PostProcessing\ScaleProcess.cpp">
      <Filter>PostProcessing</Filter>
    </ClCompile>
    <ClCompile Include="J:\ExternalPrograms\3dParty\assimp-master\code\PostProcessing\ArmaturePopulate.cpp">
      <Filter>PostProcessing</Filter>
    </ClCompile>
    <ClCompile Include="J:\ExternalPrograms\3dParty\assimp-master\code\PostProcessing\GenBoundingBoxesProcess.cpp">
      <Filter>PostProcessing</Filter>
    </ClCompile>
    <ClCompile Include="J:\ExternalPrograms\3dParty\assimp-master\code\Material\MaterialSystem.cpp">
      <Filter>MaterialSystem</Filter>
    </ClCompile>
    <ClCompile Include="J:\ExternalPrograms\3dParty\assimp-master\code\Importer\STEPParser\STEPFileReader.cpp">
      <Filter>STEPParser</Filter>
    </ClCompile>
    <ClCompile Include="J:\ExternalPrograms\3dParty\assimp-master\code\Importer\STEPParser\STEPFileEncoding.cpp">
      <Filter>STEPParser</Filter>
    </ClCompile>
    <ClCompile Include="J:\ExternalPrograms\3dParty\assimp-master\code\AMF\AMFImporter.cpp">
      <Filter>AMF</Filter>
    </ClCompile>
    <ClCompile Include="J:\ExternalPrograms\3dParty\assimp-master\code\AMF\AMFImporter_Geometry.cpp">
      <Filter>AMF</Filter>
    </ClCompile>
    <ClCompile Include="J:\ExternalPrograms\3dParty\assimp-master\code\AMF\AMFImporter_Material.cpp">
      <Filter>AMF</Filter>
    </ClCompile>
    <ClCompile Include="J:\ExternalPrograms\3dParty\assimp-master\code\AMF\AMFImporter_Postprocess.cpp">
      <Filter>AMF</Filter>
    </ClCompile>
    <ClCompile Include="J:\ExternalPrograms\3dParty\assimp-master\code\3DS\3DSConverter.cpp">
      <Filter>3DS</Filter>
    </ClCompile>
    <ClCompile Include="J:\ExternalPrograms\3dParty\assimp-master\code\3DS\3DSLoader.cpp">
      <Filter>3DS</Filter>
    </ClCompile>
    <ClCompile Include="J:\ExternalPrograms\3dParty\assimp-master\code\AC\ACLoader.cpp">
      <Filter>AC</Filter>
    </ClCompile>
    <ClCompile Include="J:\ExternalPrograms\3dParty\assimp-master\code\ASE\ASELoader.cpp">
      <Filter>ASE</Filter>
    </ClCompile>
    <ClCompile Include="J:\ExternalPrograms\3dParty\assimp-master\code\ASE\ASEParser.cpp">
      <Filter>ASE</Filter>
    </ClCompile>
    <ClCompile Include="J:\ExternalPrograms\3dParty\assimp-master\code\Assbin\AssbinLoader.cpp">
      <Filter>ASSBIN</Filter>
    </ClCompile>
    <ClCompile Include="J:\ExternalPrograms\3dParty\assimp-master\code\B3D\B3DImporter.cpp">
      <Filter>B3D</Filter>
    </ClCompile>
    <ClCompile Include="J:\ExternalPrograms\3dParty\assimp-master\code\BVH\BVHLoader.cpp">
      <Filter>BVH</Filter>
    </ClCompile>
    <ClCompile Include="J:\ExternalPrograms\3dParty\assimp-master\code\Collada\ColladaHelper.cpp">
      <Filter>COLLADA</Filter>
    </ClCompile>
    <ClCompile Include="J:\ExternalPrograms\3dParty\assimp-master\code\Collada\ColladaLoader.cpp">
      <Filter>COLLADA</Filter>
    </ClCompile>
    <ClCompile Include="J:\ExternalPrograms\3dParty\assimp-master\code\Collada\ColladaParser.cpp">
      <Filter>COLLADA</Filter>
    </ClCompile>
    <ClCompile Include="J:\ExternalPrograms\3dParty\assimp-master\code\DXF\DXFLoader.cpp">
      <Filter>DXF</Filter>
    </ClCompile>
    <ClCompile Include="J:\ExternalPrograms\3dParty\assimp-master\code\CSM\CSMLoader.cpp">
      <Filter>CSM</Filter>
    </ClCompile>
    <ClCompile Include="J:\ExternalPrograms\3dParty\assimp-master\code\HMP\HMPLoader.cpp">
      <Filter>HMP</Filter>
    </ClCompile>
    <ClCompile Include="J:\ExternalPrograms\3dParty\assimp-master\code\Irr\IRRMeshLoader.cpp">
      <Filter>IRRMESH</Filter>
    </ClCompile>
    <ClCompile Include="J:\ExternalPrograms\3dParty\assimp-master\code\Irr\IRRShared.cpp">
      <Filter>IRR</Filter>
    </ClCompile>
    <ClCompile Include="J:\ExternalPrograms\3dParty\assimp-master\code\Irr\IRRLoader.cpp">
      <Filter>IRR</Filter>
    </ClCompile>
    <ClCompile Include="J:\ExternalPrograms\3dParty\assimp-master\code\LWO\LWOAnimation.cpp">
      <Filter>LWO</Filter>
    </ClCompile>
    <ClCompile Include="J:\ExternalPrograms\3dParty\assimp-master\code\LWO\LWOBLoader.cpp">
      <Filter>LWO</Filter>
    </ClCompile>
    <ClCompile Include="J:\ExternalPrograms\3dParty\assimp-master\code\LWO\LWOLoader.cpp">
      <Filter>LWO</Filter>
    </ClCompile>
    <ClCompile Include="J:\ExternalPrograms\3dParty\assimp-master\code\LWO\LWOMaterial.cpp">
      <Filter>LWO</Filter>
    </ClCompile>
    <ClCompile Include="J:\ExternalPrograms\3dParty\assimp-master\code\LWS\LWSLoader.cpp">
      <Filter>LWS</Filter>
    </ClCompile>
    <ClCompile Include="J:\ExternalPrograms\3dParty\assimp-master\code\M3D\M3DImporter.cpp">
      <Filter>M3D</Filter>
    </ClCompile>
    <ClCompile Include="J:\ExternalPrograms\3dParty\assimp-master\code\M3D\M3DWrapper.cpp">
      <Filter>M3D</Filter>
    </ClCompile>
    <ClCompile Include="J:\ExternalPrograms\3dParty\assimp-master\code\MD2\MD2Loader.cpp">
      <Filter>MD2</Filter>
    </ClCompile>
    <ClCompile Include="J:\ExternalPrograms\3dParty\assimp-master\code\MD3\MD3Loader.cpp">
      <Filter>MD3</Filter>
    </ClCompile>
    <ClCompile Include="J:\ExternalPrograms\3dParty\assimp-master\code\MD5\MD5Loader.cpp">
      <Filter>MD5</Filter>
    </ClCompile>
    <ClCompile Include="J:\ExternalPrograms\3dParty\assimp-master\code\MD5\MD5Parser.cpp">
      <Filter>MD5</Filter>
    </ClCompile>
    <ClCompile Include="J:\ExternalPrograms\3dParty\assimp-master\code\MDC\MDCLoader.cpp">
      <Filter>MDC</Filter>
    </ClCompile>
    <ClCompile Include="J:\ExternalPrograms\3dParty\assimp-master\code\MDL\MDLLoader.cpp">
      <Filter>MDL</Filter>
    </ClCompile>
    <ClCompile Include="J:\ExternalPrograms\3dParty\assimp-master\code\MDL\MDLMaterialLoader.cpp">
      <Filter>MDL</Filter>
    </ClCompile>
    <ClCompile Include="J:\ExternalPrograms\3dParty\assimp-master\code\MDL\HalfLife\HL1MDLLoader.cpp">
      <Filter>MDL</Filter>
    </ClCompile>
    <ClCompile Include="J:\ExternalPrograms\3dParty\assimp-master\code\MDL\HalfLife\UniqueNameGenerator.cpp">
      <Filter>MDL</Filter>
    </ClCompile>
    <ClCompile Include="J:\ExternalPrograms\3dParty\assimp-master\code\NFF\NFFLoader.cpp">
      <Filter>NFF</Filter>
    </ClCompile>
    <ClCompile Include="J:\ExternalPrograms\3dParty\assimp-master\code\NDO\NDOLoader.cpp">
      <Filter>NDO</Filter>
    </ClCompile>
    <ClCompile Include="J:\ExternalPrograms\3dParty\assimp-master\code\OFF\OFFLoader.cpp">
      <Filter>OFF</Filter>
    </ClCompile>
    <ClCompile Include="J:\ExternalPrograms\3dParty\assimp-master\code\Obj\ObjFileImporter.cpp">
      <Filter>OBJ</Filter>
    </ClCompile>
    <ClCompile Include="J:\ExternalPrograms\3dParty\assimp-master\code\Obj\ObjFileMtlImporter.cpp">
      <Filter>OBJ</Filter>
    </ClCompile>
    <ClCompile Include="J:\ExternalPrograms\3dParty\assimp-master\code\Obj\ObjFileParser.cpp">
      <Filter>OBJ</Filter>
    </ClCompile>
    <ClCompile Include="J:\ExternalPrograms\3dParty\assimp-master\code\Ogre\OgreImporter.cpp">
      <Filter>OGRE</Filter>
    </ClCompile>
    <ClCompile Include="J:\ExternalPrograms\3dParty\assimp-master\code\Ogre\OgreStructs.cpp">
      <Filter>OGRE</Filter>
    </ClCompile>
    <ClCompile Include="J:\ExternalPrograms\3dParty\assimp-master\code\Ogre\OgreBinarySerializer.cpp">
      <Filter>OGRE</Filter>
    </ClCompile>
    <ClCompile Include="J:\ExternalPrograms\3dParty\assimp-master\code\Ogre\OgreXmlSerializer.cpp">
      <Filter>OGRE</Filter>
    </ClCompile>
    <ClCompile Include="J:\ExternalPrograms\3dParty\assimp-master\code\Ogre\OgreMaterial.cpp">
      <Filter>OGRE</Filter>
    </ClCompile>
    <ClCompile Include="J:\ExternalPrograms\3dParty\assimp-master\code\OpenGEX\OpenGEXImporter.cpp">
      <Filter>OPENGEX</Filter>
    </ClCompile>
    <ClCompile Include="J:\ExternalPrograms\3dParty\assimp-master\code\Ply\PlyLoader.cpp">
      <Filter>PLY</Filter>
    </ClCompile>
    <ClCompile Include="J:\ExternalPrograms\3dParty\assimp-master\code\Ply\PlyParser.cpp">
      <Filter>PLY</Filter>
    </ClCompile>
    <ClCompile Include="J:\ExternalPrograms\3dParty\assimp-master\code\MS3D\MS3DLoader.cpp">
      <Filter>MS3D</Filter>
    </ClCompile>
    <ClCompile Include="J:\ExternalPrograms\3dParty\assimp-master\code\COB\COBLoader.cpp">
      <Filter>COB</Filter>
    </ClCompile>
    <ClCompile Include="J:\ExternalPrograms\3dParty\assimp-master\code\Blender\BlenderLoader.cpp">
      <Filter>BLEND</Filter>
    </ClCompile>
    <ClCompile Include="J:\ExternalPrograms\3dParty\assimp-master\code\Blender\BlenderDNA.cpp">
      <Filter>BLEND</Filter>
    </ClCompile>
    <ClCompile Include="J:\ExternalPrograms\3dParty\assimp-master\code\Blender\BlenderScene.cpp">
      <Filter>BLEND</Filter>
    </ClCompile>
    <ClCompile Include="J:\ExternalPrograms\3dParty\assimp-master\code\Blender\BlenderModifier.cpp">
      <Filter>BLEND</Filter>
    </ClCompile>
    <ClCompile Include="J:\ExternalPrograms\3dParty\assimp-master\code\Blender\BlenderBMesh.cpp">
      <Filter>BLEND</Filter>
    </ClCompile>
    <ClCompile Include="J:\ExternalPrograms\3dParty\assimp-master\code\Blender\BlenderTessellator.cpp">
      <Filter>BLEND</Filter>
    </ClCompile>
    <ClCompile Include="J:\ExternalPrograms\3dParty\assimp-master\code\Blender\BlenderCustomData.cpp">
      <Filter>BLEND</Filter>
    </ClCompile>
    <ClCompile Include="J:\ExternalPrograms\3dParty\assimp-master\code\Importer\IFC\IFCLoader.cpp">
      <Filter>IFC</Filter>
    </ClCompile>
    <ClCompile Include="J:\ExternalPrograms\3dParty\assimp-master\code\Importer\IFC\IFCReaderGen1_2x3.cpp">
      <Filter>IFC</Filter>
    </ClCompile>
    <ClCompile Include="J:\ExternalPrograms\3dParty\assimp-master\code\Importer\IFC\IFCReaderGen2_2x3.cpp">
      <Filter>IFC</Filter>
    </ClCompile>
    <ClCompile Include="J:\ExternalPrograms\3dParty\assimp-master\code\Importer\IFC\IFCUtil.cpp">
      <Filter>IFC</Filter>
    </ClCompile>
    <ClCompile Include="J:\ExternalPrograms\3dParty\assimp-master\code\Importer\IFC\IFCGeometry.cpp">
      <Filter>IFC</Filter>
    </ClCompile>
    <ClCompile Include="J:\ExternalPrograms\3dParty\assimp-master\code\Importer\IFC\IFCMaterial.cpp">
      <Filter>IFC</Filter>
    </ClCompile>
    <ClCompile Include="J:\ExternalPrograms\3dParty\assimp-master\code\Importer\IFC\IFCProfile.cpp">
      <Filter>IFC</Filter>
    </ClCompile>
    <ClCompile Include="J:\ExternalPrograms\3dParty\assimp-master\code\Importer\IFC\IFCCurve.cpp">
      <Filter>IFC</Filter>
    </ClCompile>
    <ClCompile Include="J:\ExternalPrograms\3dParty\assimp-master\code\Importer\IFC\IFCBoolean.cpp">
      <Filter>IFC</Filter>
    </ClCompile>
    <ClCompile Include="J:\ExternalPrograms\3dParty\assimp-master\code\Importer\IFC\IFCOpenings.cpp">
      <Filter>IFC</Filter>
    </ClCompile>
    <ClCompile Include="J:\ExternalPrograms\3dParty\assimp-master\code\XGL\XGLLoader.cpp">
      <Filter>XGL</Filter>
    </ClCompile>
    <ClCompile Include="J:\ExternalPrograms\3dParty\assimp-master\code\FBX\FBXImporter.cpp">
      <Filter>FBX</Filter>
    </ClCompile>
    <ClCompile Include="J:\ExternalPrograms\3dParty\assimp-master\code\FBX\FBXParser.cpp">
      <Filter>FBX</Filter>
    </ClCompile>
    <ClCompile Include="J:\ExternalPrograms\3dParty\assimp-master\code\FBX\FBXTokenizer.cpp">
      <Filter>FBX</Filter>
    </ClCompile>
    <ClCompile Include="J:\ExternalPrograms\3dParty\assimp-master\code\FBX\FBXConverter.cpp">
      <Filter>FBX</Filter>
    </ClCompile>
    <ClCompile Include="J:\ExternalPrograms\3dParty\assimp-master\code\FBX\FBXUtil.cpp">
      <Filter>FBX</Filter>
    </ClCompile>
    <ClCompile Include="J:\ExternalPrograms\3dParty\assimp-master\code\FBX\FBXDocument.cpp">
      <Filter>FBX</Filter>
    </ClCompile>
    <ClCompile Include="J:\ExternalPrograms\3dParty\assimp-master\code\FBX\FBXProperties.cpp">
      <Filter>FBX</Filter>
    </ClCompile>
    <ClCompile Include="J:\ExternalPrograms\3dParty\assimp-master\code\FBX\FBXMeshGeometry.cpp">
      <Filter>FBX</Filter>
    </ClCompile>
    <ClCompile Include="J:\ExternalPrograms\3dParty\assimp-master\code\FBX\FBXMaterial.cpp">
      <Filter>FBX</Filter>
    </ClCompile>
    <ClCompile Include="J:\ExternalPrograms\3dParty\assimp-master\code\FBX\FBXModel.cpp">
      <Filter>FBX</Filter>
    </ClCompile>
    <ClCompile Include="J:\ExternalPrograms\3dParty\assimp-master\code\FBX\FBXAnimation.cpp">
      <Filter>FBX</Filter>
    </ClCompile>
    <ClCompile Include="J:\ExternalPrograms\3dParty\assimp-master\code\FBX\FBXNodeAttribute.cpp">
      <Filter>FBX</Filter>
    </ClCompile>
    <ClCompile Include="J:\ExternalPrograms\3dParty\assimp-master\code\FBX\FBXDeformer.cpp">
      <Filter>FBX</Filter>
    </ClCompile>
    <ClCompile Include="J:\ExternalPrograms\3dParty\assimp-master\code\FBX\FBXBinaryTokenizer.cpp">
      <Filter>FBX</Filter>
    </ClCompile>
    <ClCompile Include="J:\ExternalPrograms\3dParty\assimp-master\code\FBX\FBXDocumentUtil.cpp">
      <Filter>FBX</Filter>
    </ClCompile>
    <ClCompile Include="J:\ExternalPrograms\3dParty\assimp-master\code\Q3D\Q3DLoader.cpp">
      <Filter>Q3D</Filter>
    </ClCompile>
    <ClCompile Include="J:\ExternalPrograms\3dParty\assimp-master\code\Q3BSP\Q3BSPFileParser.cpp">
      <Filter>Q3BSP</Filter>
    </ClCompile>
    <ClCompile Include="J:\ExternalPrograms\3dParty\assimp-master\code\Q3BSP\Q3BSPFileImporter.cpp">
      <Filter>Q3BSP</Filter>
    </ClCompile>
    <ClCompile Include="J:\ExternalPrograms\3dParty\assimp-master\code\Raw\RawLoader.cpp">
      <Filter>RAW</Filter>
    </ClCompile>
    <ClCompile Include="J:\ExternalPrograms\3dParty\assimp-master\code\SIB\SIBImporter.cpp">
      <Filter>SIB</Filter>
    </ClCompile>
    <ClCompile Include="J:\ExternalPrograms\3dParty\assimp-master\code\SMD\SMDLoader.cpp">
      <Filter>SMD</Filter>
    </ClCompile>
    <ClCompile Include="J:\ExternalPrograms\3dParty\assimp-master\code\STL\STLLoader.cpp">
      <Filter>STL</Filter>
    </ClCompile>
    <ClCompile Include="J:\ExternalPrograms\3dParty\assimp-master\code\Terragen\TerragenLoader.cpp">
      <Filter>TERRAGEN</Filter>
    </ClCompile>
    <ClCompile Include="J:\ExternalPrograms\3dParty\assimp-master\code\Unreal\UnrealLoader.cpp">
      <Filter>3D</Filter>
    </ClCompile>
    <ClCompile Include="J:\ExternalPrograms\3dParty\assimp-master\code\X\XFileImporter.cpp">
      <Filter>X</Filter>
    </ClCompile>
    <ClCompile Include="J:\ExternalPrograms\3dParty\assimp-master\code\X\XFileParser.cpp">
      <Filter>X</Filter>
    </ClCompile>
    <ClCompile Include="J:\ExternalPrograms\3dParty\assimp-master\code\X3D\X3DImporter.cpp">
      <Filter>X3D</Filter>
    </ClCompile>
    <ClCompile Include="J:\ExternalPrograms\3dParty\assimp-master\code\X3D\X3DImporter_Geometry2D.cpp">
      <Filter>X3D</Filter>
    </ClCompile>
    <ClCompile Include="J:\ExternalPrograms\3dParty\assimp-master\code\X3D\X3DImporter_Geometry3D.cpp">
      <Filter>X3D</Filter>
    </ClCompile>
    <ClCompile Include="J:\ExternalPrograms\3dParty\assimp-master\code\X3D\X3DImporter_Group.cpp">
      <Filter>X3D</Filter>
    </ClCompile>
    <ClCompile Include="J:\ExternalPrograms\3dParty\assimp-master\code\X3D\X3DImporter_Light.cpp">
      <Filter>X3D</Filter>
    </ClCompile>
    <ClCompile Include="J:\ExternalPrograms\3dParty\assimp-master\code\X3D\X3DImporter_Metadata.cpp">
      <Filter>X3D</Filter>
    </ClCompile>
    <ClCompile Include="J:\ExternalPrograms\3dParty\assimp-master\code\X3D\X3DImporter_Networking.cpp">
      <Filter>X3D</Filter>
    </ClCompile>
    <ClCompile Include="J:\ExternalPrograms\3dParty\assimp-master\code\X3D\X3DImporter_Postprocess.cpp">
      <Filter>X3D</Filter>
    </ClCompile>
    <ClCompile Include="J:\ExternalPrograms\3dParty\assimp-master\code\X3D\X3DImporter_Rendering.cpp">
      <Filter>X3D</Filter>
    </ClCompile>
    <ClCompile Include="J:\ExternalPrograms\3dParty\assimp-master\code\X3D\X3DImporter_Shape.cpp">
      <Filter>X3D</Filter>
    </ClCompile>
    <ClCompile Include="J:\ExternalPrograms\3dParty\assimp-master\code\X3D\X3DImporter_Texturing.cpp">
      <Filter>X3D</Filter>
    </ClCompile>
    <ClCompile Include="J:\ExternalPrograms\3dParty\assimp-master\code\X3D\FIReader.cpp">
      <Filter>X3D</Filter>
    </ClCompile>
    <ClCompile Include="J:\ExternalPrograms\3dParty\assimp-master\code\X3D\X3DVocabulary.cpp">
      <Filter>X3D</Filter>
    </ClCompile>
    <ClCompile Include="J:\ExternalPrograms\3dParty\assimp-master\code\glTF\glTFCommon.cpp">
      <Filter>GLTF</Filter>
    </ClCompile>
    <ClCompile Include="J:\ExternalPrograms\3dParty\assimp-master\code\glTF\glTFImporter.cpp">
      <Filter>GLTF</Filter>
    </ClCompile>
    <ClCompile Include="J:\ExternalPrograms\3dParty\assimp-master\code\glTF2\glTF2Importer.cpp">
      <Filter>GLTF</Filter>
    </ClCompile>
    <ClCompile Include="J:\ExternalPrograms\3dParty\assimp-master\code\3MF\D3MFImporter.cpp">
      <Filter>3MF</Filter>
    </ClCompile>
    <ClCompile Include="J:\ExternalPrograms\3dParty\assimp-master\code\3MF\D3MFOpcPackage.cpp">
      <Filter>3MF</Filter>
    </ClCompile>
    <ClCompile Include="J:\ExternalPrograms\3dParty\assimp-master\code\MMD\MMDImporter.cpp">
      <Filter>MMD</Filter>
    </ClCompile>
    <ClCompile Include="J:\ExternalPrograms\3dParty\assimp-master\code\MMD\MMDPmxParser.cpp">
      <Filter>MMD</Filter>
    </ClCompile>
    <ClCompile Include="J:\ExternalPrograms\3dParty\assimp-master\code\Importer\StepFile\StepFileImporter.cpp">
      <Filter>STEP</Filter>
    </ClCompile>
    <ClCompile Include="J:\ExternalPrograms\3dParty\assimp-master\code\Importer\StepFile\StepFileGen1.cpp">
      <Filter>STEP</Filter>
    </ClCompile>
    <ClCompile Include="J:\ExternalPrograms\3dParty\assimp-master\code\Importer\StepFile\StepFileGen2.cpp">
      <Filter>STEP</Filter>
    </ClCompile>
    <ClCompile Include="J:\ExternalPrograms\3dParty\assimp-master\code\Importer\StepFile\StepFileGen3.cpp">
      <Filter>STEP</Filter>
    </ClCompile>
    <ClCompile Include="J:\ExternalPrograms\3dParty\assimp-master\code\3DS\3DSExporter.cpp">
      <Filter>3DS_EXPORTER</Filter>
    </ClCompile>
    <ClCompile Include="J:\ExternalPrograms\3dParty\assimp-master\code\Assbin\AssbinExporter.cpp">
      <Filter>ASSBIN_EXPORTER</Filter>
    </ClCompile>
    <ClCompile Include="J:\ExternalPrograms\3dParty\assimp-master\code\Assbin\AssbinFileWriter.cpp">
      <Filter>ASSBIN_EXPORTER</Filter>
    </ClCompile>
    <ClCompile Include="J:\ExternalPrograms\3dParty\assimp-master\code\Assxml\AssxmlExporter.cpp">
      <Filter>ASSXML_EXPORTER</Filter>
    </ClCompile>
    <ClCompile Include="J:\ExternalPrograms\3dParty\assimp-master\code\Assxml\AssxmlFileWriter.cpp">
      <Filter>ASSXML_EXPORTER</Filter>
    </ClCompile>
    <ClCompile Include="J:\ExternalPrograms\3dParty\assimp-master\code\Collada\ColladaExporter.cpp">
      <Filter>COLLADA_EXPORTER</Filter>
    </ClCompile>
    <ClCompile Include="J:\ExternalPrograms\3dParty\assimp-master\code\M3D\M3DExporter.cpp">
      <Filter>M3D_EXPORTER</Filter>
    </ClCompile>
    <ClCompile Include="J:\ExternalPrograms\3dParty\assimp-master\code\Obj\ObjExporter.cpp">
      <Filter>OBJ_EXPORTER</Filter>
    </ClCompile>
    <ClCompile Include="J:\ExternalPrograms\3dParty\assimp-master\code\OpenGEX\OpenGEXExporter.cpp">
      <Filter>OPENGEX_EXPORTER</Filter>
    </ClCompile>
    <ClCompile Include="J:\ExternalPrograms\3dParty\assimp-master\code\Ply\PlyExporter.cpp">
      <Filter>PLY_EXPORTER</Filter>
    </ClCompile>
    <ClCompile Include="J:\ExternalPrograms\3dParty\assimp-master\code\FBX\FBXExporter.cpp">
      <Filter>FBX_EXPORTER</Filter>
    </ClCompile>
    <ClCompile Include="J:\ExternalPrograms\3dParty\assimp-master\code\FBX\FBXExportNode.cpp">
      <Filter>FBX_EXPORTER</Filter>
    </ClCompile>
    <ClCompile Include="J:\ExternalPrograms\3dParty\assimp-master\code\FBX\FBXExportProperty.cpp">
      <Filter>FBX_EXPORTER</Filter>
    </ClCompile>
    <ClCompile Include="J:\ExternalPrograms\3dParty\assimp-master\code\STL\STLExporter.cpp">
      <Filter>STL_EXPORTER</Filter>
    </ClCompile>
    <ClCompile Include="J:\ExternalPrograms\3dParty\assimp-master\code\X\XFileExporter.cpp">
      <Filter>X_EXPORTER</Filter>
    </ClCompile>
    <ClCompile Include="J:\ExternalPrograms\3dParty\assimp-master\code\X3D\X3DExporter.cpp">
      <Filter>X3D_EXPORTER</Filter>
    </ClCompile>
    <ClCompile Include="J:\ExternalPrograms\3dParty\assimp-master\code\glTF\glTFExporter.cpp">
      <Filter>GLTF_EXPORTER</Filter>
    </ClCompile>
    <ClCompile Include="J:\ExternalPrograms\3dParty\assimp-master\code\glTF2\glTF2Exporter.cpp">
      <Filter>GLTF_EXPORTER</Filter>
    </ClCompile>
    <ClCompile Include="J:\ExternalPrograms\3dParty\assimp-master\code\3MF\D3MFExporter.cpp">
      <Filter>3MF_EXPORTER</Filter>
    </ClCompile>
    <ClCompile Include="J:\ExternalPrograms\3dParty\assimp-master\code\Assjson\cencode.c">
      <Filter>ASSJSON_EXPORTER</Filter>
    </ClCompile>
    <ClCompile Include="J:\ExternalPrograms\3dParty\assimp-master\code\Assjson\json_exporter.cpp">
      <Filter>ASSJSON_EXPORTER</Filter>
    </ClCompile>
    <ClCompile Include="J:\ExternalPrograms\3dParty\assimp-master\code\Assjson\mesh_splitter.cpp">
      <Filter>ASSJSON_EXPORTER</Filter>
    </ClCompile>
    <ClCompile Include="J:\ExternalPrograms\3dParty\assimp-master\code\Step\StepExporter.cpp">
      <Filter>STEP_EXPORTER</Filter>
    </ClCompile>
    <ClCompile Include="J:\ExternalPrograms\3dParty\assimp-master\contrib\unzip\ioapi.c">
      <Filter>Contrib\unzip</Filter>
    </ClCompile>
    <ClCompile Include="J:\ExternalPrograms\3dParty\assimp-master\contrib\unzip\unzip.c">
      <Filter>Contrib\unzip</Filter>
    </ClCompile>
    <ClCompile Include="J:\ExternalPrograms\3dParty\assimp-master\contrib\poly2tri\poly2tri\common\shapes.cc">
      <Filter>Contrib\Poly2Tri</Filter>
    </ClCompile>
    <ClCompile Include="J:\ExternalPrograms\3dParty\assimp-master\contrib\poly2tri\poly2tri\sweep\advancing_front.cc">
      <Filter>Contrib\Poly2Tri</Filter>
    </ClCompile>
    <ClCompile Include="J:\ExternalPrograms\3dParty\assimp-master\contrib\poly2tri\poly2tri\sweep\cdt.cc">
      <Filter>Contrib\Poly2Tri</Filter>
    </ClCompile>
    <ClCompile Include="J:\ExternalPrograms\3dParty\assimp-master\contrib\poly2tri\poly2tri\sweep\sweep.cc">
      <Filter>Contrib\Poly2Tri</Filter>
    </ClCompile>
    <ClCompile Include="J:\ExternalPrograms\3dParty\assimp-master\contrib\poly2tri\poly2tri\sweep\sweep_context.cc">
      <Filter>Contrib\Poly2Tri</Filter>
    </ClCompile>
    <ClCompile Include="J:\ExternalPrograms\3dParty\assimp-master\contrib\clipper\clipper.cpp">
      <Filter>Contrib\Clipper</Filter>
    </ClCompile>
    <ClCompile Include="J:\ExternalPrograms\3dParty\assimp-master\contrib\openddlparser\code\OpenDDLParser.cpp">
      <Filter>Contrib\openddl_parser</Filter>
    </ClCompile>
    <ClCompile Include="J:\ExternalPrograms\3dParty\assimp-master\contrib\openddlparser\code\DDLNode.cpp">
      <Filter>Contrib\openddl_parser</Filter>
    </ClCompile>
    <ClCompile Include="J:\ExternalPrograms\3dParty\assimp-master\contrib\openddlparser\code\OpenDDLCommon.cpp">
      <Filter>Contrib\openddl_parser</Filter>
    </ClCompile>
    <ClCompile Include="J:\ExternalPrograms\3dParty\assimp-master\contrib\openddlparser\code\OpenDDLExport.cpp">
      <Filter>Contrib\openddl_parser</Filter>
    </ClCompile>
    <ClCompile Include="J:\ExternalPrograms\3dParty\assimp-master\contrib\openddlparser\code\Value.cpp">
      <Filter>Contrib\openddl_parser</Filter>
    </ClCompile>
    <ClCompile Include="J:\ExternalPrograms\3dParty\assimp-master\contrib\openddlparser\code\OpenDDLStream.cpp">
      <Filter>Contrib\openddl_parser</Filter>
    </ClCompile>
    <ClCompile Include="J:\ExternalPrograms\3dParty\assimp-master\contrib\Open3DGC\o3dgcArithmeticCodec.cpp">
      <Filter>Contrib\open3dgc</Filter>
    </ClCompile>
    <ClCompile Include="J:\ExternalPrograms\3dParty\assimp-master\contrib\Open3DGC\o3dgcDynamicVectorDecoder.cpp">
      <Filter>Contrib\open3dgc</Filter>
    </ClCompile>
    <ClCompile Include="J:\ExternalPrograms\3dParty\assimp-master\contrib\Open3DGC\o3dgcDynamicVectorEncoder.cpp">
      <Filter>Contrib\open3dgc</Filter>
    </ClCompile>
    <ClCompile Include="J:\ExternalPrograms\3dParty\assimp-master\contrib\Open3DGC\o3dgcTools.cpp">
      <Filter>Contrib\open3dgc</Filter>
    </ClCompile>
    <ClCompile Include="J:\ExternalPrograms\3dParty\assimp-master\contrib\Open3DGC\o3dgcTriangleFans.cpp">
      <Filter>Contrib\open3dgc</Filter>
    </ClCompile>
    <ClCompile Include="J:\ExternalPrograms\3dParty\assimp-master\contrib\zip\src\zip.c">
      <Filter>ziplib</Filter>
    </ClCompile>
  </ItemGroup>
  <ItemGroup>
    <ClInclude Include="J:\ExternalPrograms\3dParty\assimp-master\code\CApi\CInterfaceIOWrapper.h">
      <Filter>CApi</Filter>
    </ClInclude>
    <ClInclude Include="J:\ExternalPrograms\3dParty\assimp-master\code\Common\BaseProcess.h">
      <Filter>Common</Filter>
    </ClInclude>
    <ClInclude Include="J:\ExternalPrograms\3dParty\assimp-master\code\Common\Importer.h">
      <Filter>Common</Filter>
    </ClInclude>
    <ClInclude Include="J:\ExternalPrograms\3dParty\assimp-master\code\Common\ScenePrivate.h">
      <Filter>Common</Filter>
    </ClInclude>
    <ClInclude Include="J:\ExternalPrograms\3dParty\assimp-master\code\Common\DefaultProgressHandler.h">
      <Filter>Common</Filter>
    </ClInclude>
    <ClInclude Include="J:\ExternalPrograms\3dParty\assimp-master\code\Common\PolyTools.h">
      <Filter>Common</Filter>
    </ClInclude>
    <ClInclude Include="J:\ExternalPrograms\3dParty\assimp-master\code\Common\IFF.h">
      <Filter>Common</Filter>
    </ClInclude>
    <ClInclude Include="J:\ExternalPrograms\3dParty\assimp-master\code\Common\VertexTriangleAdjacency.h">
      <Filter>Common</Filter>
    </ClInclude>
    <ClInclude Include="J:\ExternalPrograms\3dParty\assimp-master\code\Common\ScenePreprocessor.h">
      <Filter>Common</Filter>
    </ClInclude>
    <ClInclude Include="J:\ExternalPrograms\3dParty\assimp-master\code\Common\SplitByBoneCountProcess.h">
      <Filter>Common</Filter>
    </ClInclude>
    <ClInclude Include="J:\ExternalPrograms\3dParty\assimp-master\code\Common\TargetAnimation.h">
      <Filter>Common</Filter>
    </ClInclude>
    <ClInclude Include="J:\ExternalPrograms\3dParty\assimp-master\code\Common\simd.h">
      <Filter>Common</Filter>
    </ClInclude>
    <ClInclude Include="J:\ExternalPrograms\3dParty\assimp-master\include\assimp\DefaultLogger.hpp">
      <Filter>include\assimp</Filter>
    </ClInclude>
    <ClInclude Include="J:\ExternalPrograms\3dParty\assimp-master\include\assimp\LogStream.hpp">
      <Filter>include\assimp</Filter>
    </ClInclude>
    <ClInclude Include="J:\ExternalPrograms\3dParty\assimp-master\include\assimp\Logger.hpp">
      <Filter>include\assimp</Filter>
    </ClInclude>
    <ClInclude Include="J:\ExternalPrograms\3dParty\assimp-master\include\assimp\NullLogger.hpp">
      <Filter>include\assimp</Filter>
    </ClInclude>
    <ClInclude Include="J:\ExternalPrograms\3dParty\assimp-master\code\Common\Win32DebugLogStream.h">
      <Filter>Logging</Filter>
    </ClInclude>
    <ClInclude Include="J:\ExternalPrograms\3dParty\assimp-master\code\Common\FileLogStream.h">
      <Filter>Logging</Filter>
    </ClInclude>
    <ClInclude Include="J:\ExternalPrograms\3dParty\assimp-master\code\Common\StdOStreamLogStream.h">
      <Filter>Logging</Filter>
    </ClInclude>
    <ClInclude Include="J:\ExternalPrograms\3dParty\assimp-master\include\assimp\BlobIOSystem.h">
      <Filter>include\assimp</Filter>
    </ClInclude>
    <ClInclude Include="J:\ExternalPrograms\3dParty\assimp-master\code\PostProcessing\CalcTangentsProcess.h">
      <Filter>PostProcessing</Filter>
    </ClInclude>
    <ClInclude Include="J:\ExternalPrograms\3dParty\assimp-master\code\PostProcessing\ComputeUVMappingProcess.h">
      <Filter>PostProcessing</Filter>
    </ClInclude>
    <ClInclude Include="J:\ExternalPrograms\3dParty\assimp-master\code\PostProcessing\ConvertToLHProcess.h">
      <Filter>PostProcessing</Filter>
    </ClInclude>
    <ClInclude Include="J:\ExternalPrograms\3dParty\assimp-master\code\PostProcessing\EmbedTexturesProcess.h">
      <Filter>PostProcessing</Filter>
    </ClInclude>
    <ClInclude Include="J:\ExternalPrograms\3dParty\assimp-master\code\PostProcessing\FindDegenerates.h">
      <Filter>PostProcessing</Filter>
    </ClInclude>
    <ClInclude Include="J:\ExternalPrograms\3dParty\assimp-master\code\PostProcessing\FindInstancesProcess.h">
      <Filter>PostProcessing</Filter>
    </ClInclude>
    <ClInclude Include="J:\ExternalPrograms\3dParty\assimp-master\code\PostProcessing\FindInvalidDataProcess.h">
      <Filter>PostProcessing</Filter>
    </ClInclude>
    <ClInclude Include="J:\ExternalPrograms\3dParty\assimp-master\code\PostProcessing\FixNormalsStep.h">
      <Filter>PostProcessing</Filter>
    </ClInclude>
    <ClInclude Include="J:\ExternalPrograms\3dParty\assimp-master\code\PostProcessing\DropFaceNormalsProcess.h">
      <Filter>PostProcessing</Filter>
    </ClInclude>
    <ClInclude Include="J:\ExternalPrograms\3dParty\assimp-master\code\PostProcessing\GenFaceNormalsProcess.h">
      <Filter>PostProcessing</Filter>
    </ClInclude>
    <ClInclude Include="J:\ExternalPrograms\3dParty\assimp-master\code\PostProcessing\GenVertexNormalsProcess.h">
      <Filter>PostProcessing</Filter>
    </ClInclude>
    <ClInclude Include="J:\ExternalPrograms\3dParty\assimp-master\code\PostProcessing\PretransformVertices.h">
      <Filter>PostProcessing</Filter>
    </ClInclude>
    <ClInclude Include="J:\ExternalPrograms\3dParty\assimp-master\code\PostProcessing\ImproveCacheLocality.h">
      <Filter>PostProcessing</Filter>
    </ClInclude>
    <ClInclude Include="J:\ExternalPrograms\3dParty\assimp-master\code\PostProcessing\JoinVerticesProcess.h">
      <Filter>PostProcessing</Filter>
    </ClInclude>
    <ClInclude Include="J:\ExternalPrograms\3dParty\assimp-master\code\PostProcessing\LimitBoneWeightsProcess.h">
      <Filter>PostProcessing</Filter>
    </ClInclude>
    <ClInclude Include="J:\ExternalPrograms\3dParty\assimp-master\code\PostProcessing\RemoveRedundantMaterials.h">
      <Filter>PostProcessing</Filter>
    </ClInclude>
    <ClInclude Include="J:\ExternalPrograms\3dParty\assimp-master\code\PostProcessing\RemoveVCProcess.h">
      <Filter>PostProcessing</Filter>
    </ClInclude>
    <ClInclude Include="J:\ExternalPrograms\3dParty\assimp-master\code\PostProcessing\SortByPTypeProcess.h">
      <Filter>PostProcessing</Filter>
    </ClInclude>
    <ClInclude Include="J:\ExternalPrograms\3dParty\assimp-master\code\PostProcessing\SplitLargeMeshes.h">
      <Filter>PostProcessing</Filter>
    </ClInclude>
    <ClInclude Include="J:\ExternalPrograms\3dParty\assimp-master\code\PostProcessing\TextureTransform.h">
      <Filter>PostProcessing</Filter>
    </ClInclude>
    <ClInclude Include="J:\ExternalPrograms\3dParty\assimp-master\code\PostProcessing\TriangulateProcess.h">
      <Filter>PostProcessing</Filter>
    </ClInclude>
    <ClInclude Include="J:\ExternalPrograms\3dParty\assimp-master\code\PostProcessing\ValidateDataStructure.h">
      <Filter>PostProcessing</Filter>
    </ClInclude>
    <ClInclude Include="J:\ExternalPrograms\3dParty\assimp-master\code\PostProcessing\OptimizeGraph.h">
      <Filter>PostProcessing</Filter>
    </ClInclude>
    <ClInclude Include="J:\ExternalPrograms\3dParty\assimp-master\code\PostProcessing\OptimizeMeshes.h">
      <Filter>PostProcessing</Filter>
    </ClInclude>
    <ClInclude Include="J:\ExternalPrograms\3dParty\assimp-master\code\PostProcessing\DeboneProcess.h">
      <Filter>PostProcessing</Filter>
    </ClInclude>
    <ClInclude Include="J:\ExternalPrograms\3dParty\assimp-master\code\PostProcessing\ProcessHelper.h">
      <Filter>PostProcessing</Filter>
    </ClInclude>
    <ClInclude Include="J:\ExternalPrograms\3dParty\assimp-master\code\PostProcessing\MakeVerboseFormat.h">
      <Filter>PostProcessing</Filter>
    </ClInclude>
    <ClInclude Include="J:\ExternalPrograms\3dParty\assimp-master\code\PostProcessing\ScaleProcess.h">
      <Filter>PostProcessing</Filter>
    </ClInclude>
    <ClInclude Include="J:\ExternalPrograms\3dParty\assimp-master\code\PostProcessing\ArmaturePopulate.h">
      <Filter>PostProcessing</Filter>
    </ClInclude>
    <ClInclude Include="J:\ExternalPrograms\3dParty\assimp-master\code\PostProcessing\GenBoundingBoxesProcess.h">
      <Filter>PostProcessing</Filter>
    </ClInclude>
    <ClInclude Include="J:\ExternalPrograms\3dParty\assimp-master\code\Material\MaterialSystem.h">
      <Filter>MaterialSystem</Filter>
    </ClInclude>
    <ClInclude Include="J:\ExternalPrograms\3dParty\assimp-master\code\Importer\STEPParser\STEPFileReader.h">
      <Filter>STEPParser</Filter>
    </ClInclude>
    <ClInclude Include="J:\ExternalPrograms\3dParty\assimp-master\code\Importer\STEPParser\STEPFileEncoding.h">
      <Filter>STEPParser</Filter>
    </ClInclude>
    <ClInclude Include="J:\ExternalPrograms\3dParty\assimp-master\code\AMF\AMFImporter.hpp">
      <Filter>AMF</Filter>
    </ClInclude>
    <ClInclude Include="J:\ExternalPrograms\3dParty\assimp-master\code\AMF\AMFImporter_Macro.hpp">
      <Filter>AMF</Filter>
    </ClInclude>
    <ClInclude Include="J:\ExternalPrograms\3dParty\assimp-master\code\AMF\AMFImporter_Node.hpp">
      <Filter>AMF</Filter>
    </ClInclude>
    <ClInclude Include="J:\ExternalPrograms\3dParty\assimp-master\code\3DS\3DSHelper.h">
      <Filter>3DS</Filter>
    </ClInclude>
    <ClInclude Include="J:\ExternalPrograms\3dParty\assimp-master\code\3DS\3DSLoader.h">
      <Filter>3DS</Filter>
    </ClInclude>
    <ClInclude Include="J:\ExternalPrograms\3dParty\assimp-master\code\AC\ACLoader.h">
      <Filter>AC</Filter>
    </ClInclude>
    <ClInclude Include="J:\ExternalPrograms\3dParty\assimp-master\code\ASE\ASELoader.h">
      <Filter>ASE</Filter>
    </ClInclude>
    <ClInclude Include="J:\ExternalPrograms\3dParty\assimp-master\code\ASE\ASEParser.h">
      <Filter>ASE</Filter>
    </ClInclude>
    <ClInclude Include="J:\ExternalPrograms\3dParty\assimp-master\code\Assbin\AssbinLoader.h">
      <Filter>ASSBIN</Filter>
    </ClInclude>
    <ClInclude Include="J:\ExternalPrograms\3dParty\assimp-master\code\B3D\B3DImporter.h">
      <Filter>B3D</Filter>
    </ClInclude>
    <ClInclude Include="J:\ExternalPrograms\3dParty\assimp-master\code\BVH\BVHLoader.h">
      <Filter>BVH</Filter>
    </ClInclude>
    <ClInclude Include="J:\ExternalPrograms\3dParty\assimp-master\code\Collada\ColladaHelper.h">
      <Filter>COLLADA</Filter>
    </ClInclude>
    <ClInclude Include="J:\ExternalPrograms\3dParty\assimp-master\code\Collada\ColladaLoader.h">
      <Filter>COLLADA</Filter>
    </ClInclude>
    <ClInclude Include="J:\ExternalPrograms\3dParty\assimp-master\code\Collada\ColladaParser.h">
      <Filter>COLLADA</Filter>
    </ClInclude>
    <ClInclude Include="J:\ExternalPrograms\3dParty\assimp-master\code\DXF\DXFLoader.h">
      <Filter>DXF</Filter>
    </ClInclude>
    <ClInclude Include="J:\ExternalPrograms\3dParty\assimp-master\code\DXF\DXFHelper.h">
      <Filter>DXF</Filter>
    </ClInclude>
    <ClInclude Include="J:\ExternalPrograms\3dParty\assimp-master\code\CSM\CSMLoader.h">
      <Filter>CSM</Filter>
    </ClInclude>
    <ClInclude Include="J:\ExternalPrograms\3dParty\assimp-master\code\HMP\HMPFileData.h">
      <Filter>HMP</Filter>
    </ClInclude>
    <ClInclude Include="J:\ExternalPrograms\3dParty\assimp-master\code\HMP\HMPLoader.h">
      <Filter>HMP</Filter>
    </ClInclude>
    <ClInclude Include="J:\ExternalPrograms\3dParty\assimp-master\code\HMP\HalfLifeFileData.h">
      <Filter>HMP</Filter>
    </ClInclude>
    <ClInclude Include="J:\ExternalPrograms\3dParty\assimp-master\code\Irr\IRRMeshLoader.h">
      <Filter>IRRMESH</Filter>
    </ClInclude>
    <ClInclude Include="J:\ExternalPrograms\3dParty\assimp-master\code\Irr\IRRShared.h">
      <Filter>IRR</Filter>
    </ClInclude>
    <ClInclude Include="J:\ExternalPrograms\3dParty\assimp-master\code\Irr\IRRLoader.h">
      <Filter>IRR</Filter>
    </ClInclude>
    <ClInclude Include="J:\ExternalPrograms\3dParty\assimp-master\code\LWO\LWOAnimation.h">
      <Filter>LWO</Filter>
    </ClInclude>
    <ClInclude Include="J:\ExternalPrograms\3dParty\assimp-master\code\LWO\LWOFileData.h">
      <Filter>LWO</Filter>
    </ClInclude>
    <ClInclude Include="J:\ExternalPrograms\3dParty\assimp-master\code\LWO\LWOLoader.h">
      <Filter>LWO</Filter>
    </ClInclude>
    <ClInclude Include="J:\ExternalPrograms\3dParty\assimp-master\code\LWS\LWSLoader.h">
      <Filter>LWS</Filter>
    </ClInclude>
    <ClInclude Include="J:\ExternalPrograms\3dParty\assimp-master\code\M3D\M3DMaterials.h">
      <Filter>M3D</Filter>
    </ClInclude>
    <ClInclude Include="J:\ExternalPrograms\3dParty\assimp-master\code\M3D\M3DImporter.h">
      <Filter>M3D</Filter>
    </ClInclude>
    <ClInclude Include="J:\ExternalPrograms\3dParty\assimp-master\code\M3D\M3DWrapper.h">
      <Filter>M3D</Filter>
    </ClInclude>
    <ClInclude Include="J:\ExternalPrograms\3dParty\assimp-master\code\M3D\m3d.h">
      <Filter>M3D</Filter>
    </ClInclude>
    <ClInclude Include="J:\ExternalPrograms\3dParty\assimp-master\code\MD2\MD2FileData.h">
      <Filter>MD2</Filter>
    </ClInclude>
    <ClInclude Include="J:\ExternalPrograms\3dParty\assimp-master\code\MD2\MD2Loader.h">
      <Filter>MD2</Filter>
    </ClInclude>
    <ClInclude Include="J:\ExternalPrograms\3dParty\assimp-master\code\MD2\MD2NormalTable.h">
      <Filter>MD2</Filter>
    </ClInclude>
    <ClInclude Include="J:\ExternalPrograms\3dParty\assimp-master\code\MD3\MD3FileData.h">
      <Filter>MD3</Filter>
    </ClInclude>
    <ClInclude Include="J:\ExternalPrograms\3dParty\assimp-master\code\MD3\MD3Loader.h">
      <Filter>MD3</Filter>
    </ClInclude>
    <ClInclude Include="J:\ExternalPrograms\3dParty\assimp-master\code\MD5\MD5Loader.h">
      <Filter>MD5</Filter>
    </ClInclude>
    <ClInclude Include="J:\ExternalPrograms\3dParty\assimp-master\code\MD5\MD5Parser.h">
      <Filter>MD5</Filter>
    </ClInclude>
    <ClInclude Include="J:\ExternalPrograms\3dParty\assimp-master\code\MDC\MDCFileData.h">
      <Filter>MDC</Filter>
    </ClInclude>
    <ClInclude Include="J:\ExternalPrograms\3dParty\assimp-master\code\MDC\MDCLoader.h">
      <Filter>MDC</Filter>
    </ClInclude>
    <ClInclude Include="J:\ExternalPrograms\3dParty\assimp-master\code\MDC\MDCNormalTable.h">
      <Filter>MDC</Filter>
    </ClInclude>
    <ClInclude Include="J:\ExternalPrograms\3dParty\assimp-master\code\MDL\MDLDefaultColorMap.h">
      <Filter>MDL</Filter>
    </ClInclude>
    <ClInclude Include="J:\ExternalPrograms\3dParty\assimp-master\code\MDL\MDLFileData.h">
      <Filter>MDL</Filter>
    </ClInclude>
    <ClInclude Include="J:\ExternalPrograms\3dParty\assimp-master\code\MDL\MDLLoader.h">
      <Filter>MDL</Filter>
    </ClInclude>
    <ClInclude Include="J:\ExternalPrograms\3dParty\assimp-master\code\MDL\HalfLife\HalfLifeMDLBaseHeader.h">
      <Filter>MDL</Filter>
    </ClInclude>
    <ClInclude Include="J:\ExternalPrograms\3dParty\assimp-master\code\MDL\HalfLife\HL1FileData.h">
      <Filter>MDL</Filter>
    </ClInclude>
    <ClInclude Include="J:\ExternalPrograms\3dParty\assimp-master\code\MDL\HalfLife\HL1MDLLoader.h">
      <Filter>MDL</Filter>
    </ClInclude>
    <ClInclude Include="J:\ExternalPrograms\3dParty\assimp-master\code\MDL\HalfLife\HL1ImportDefinitions.h">
      <Filter>MDL</Filter>
    </ClInclude>
    <ClInclude Include="J:\ExternalPrograms\3dParty\assimp-master\code\MDL\HalfLife\HL1ImportSettings.h">
      <Filter>MDL</Filter>
    </ClInclude>
    <ClInclude Include="J:\ExternalPrograms\3dParty\assimp-master\code\MDL\HalfLife\HL1MeshTrivert.h">
      <Filter>MDL</Filter>
    </ClInclude>
    <ClInclude Include="J:\ExternalPrograms\3dParty\assimp-master\code\MDL\HalfLife\LogFunctions.h">
      <Filter>MDL</Filter>
    </ClInclude>
    <ClInclude Include="J:\ExternalPrograms\3dParty\assimp-master\code\MDL\HalfLife\UniqueNameGenerator.h">
      <Filter>MDL</Filter>
    </ClInclude>
    <ClInclude Include="J:\ExternalPrograms\3dParty\assimp-master\code\NFF\NFFLoader.h">
      <Filter>NFF</Filter>
    </ClInclude>
    <ClInclude Include="J:\ExternalPrograms\3dParty\assimp-master\code\NDO\NDOLoader.h">
      <Filter>NDO</Filter>
    </ClInclude>
    <ClInclude Include="J:\ExternalPrograms\3dParty\assimp-master\code\OFF\OFFLoader.h">
      <Filter>OFF</Filter>
    </ClInclude>
    <ClInclude Include="J:\ExternalPrograms\3dParty\assimp-master\code\Obj\ObjFileData.h">
      <Filter>OBJ</Filter>
    </ClInclude>
    <ClInclude Include="J:\ExternalPrograms\3dParty\assimp-master\code\Obj\ObjFileImporter.h">
      <Filter>OBJ</Filter>
    </ClInclude>
    <ClInclude Include="J:\ExternalPrograms\3dParty\assimp-master\code\Obj\ObjFileMtlImporter.h">
      <Filter>OBJ</Filter>
    </ClInclude>
    <ClInclude Include="J:\ExternalPrograms\3dParty\assimp-master\code\Obj\ObjFileParser.h">
      <Filter>OBJ</Filter>
    </ClInclude>
    <ClInclude Include="J:\ExternalPrograms\3dParty\assimp-master\code\Obj\ObjTools.h">
      <Filter>OBJ</Filter>
    </ClInclude>
    <ClInclude Include="J:\ExternalPrograms\3dParty\assimp-master\code\Ogre\OgreImporter.h">
      <Filter>OGRE</Filter>
    </ClInclude>
    <ClInclude Include="J:\ExternalPrograms\3dParty\assimp-master\code\Ogre\OgreStructs.h">
      <Filter>OGRE</Filter>
    </ClInclude>
    <ClInclude Include="J:\ExternalPrograms\3dParty\assimp-master\code\Ogre\OgreParsingUtils.h">
      <Filter>OGRE</Filter>
    </ClInclude>
    <ClInclude Include="J:\ExternalPrograms\3dParty\assimp-master\code\Ogre\OgreBinarySerializer.h">
      <Filter>OGRE</Filter>
    </ClInclude>
    <ClInclude Include="J:\ExternalPrograms\3dParty\assimp-master\code\Ogre\OgreXmlSerializer.h">
      <Filter>OGRE</Filter>
    </ClInclude>
    <ClInclude Include="J:\ExternalPrograms\3dParty\assimp-master\code\OpenGEX\OpenGEXImporter.h">
      <Filter>OPENGEX</Filter>
    </ClInclude>
    <ClInclude Include="J:\ExternalPrograms\3dParty\assimp-master\code\OpenGEX\OpenGEXStructs.h">
      <Filter>OPENGEX</Filter>
    </ClInclude>
    <ClInclude Include="J:\ExternalPrograms\3dParty\assimp-master\code\Ply\PlyLoader.h">
      <Filter>PLY</Filter>
    </ClInclude>
    <ClInclude Include="J:\ExternalPrograms\3dParty\assimp-master\code\Ply\PlyParser.h">
      <Filter>PLY</Filter>
    </ClInclude>
    <ClInclude Include="J:\ExternalPrograms\3dParty\assimp-master\code\MS3D\MS3DLoader.h">
      <Filter>MS3D</Filter>
    </ClInclude>
    <ClInclude Include="J:\ExternalPrograms\3dParty\assimp-master\code\COB\COBLoader.h">
      <Filter>COB</Filter>
    </ClInclude>
    <ClInclude Include="J:\ExternalPrograms\3dParty\assimp-master\code\COB\COBScene.h">
      <Filter>COB</Filter>
    </ClInclude>
    <ClInclude Include="J:\ExternalPrograms\3dParty\assimp-master\code\Blender\BlenderLoader.h">
      <Filter>BLEND</Filter>
    </ClInclude>
    <ClInclude Include="J:\ExternalPrograms\3dParty\assimp-master\code\Blender\BlenderDNA.h">
      <Filter>BLEND</Filter>
    </ClInclude>
    <ClInclude Include="J:\ExternalPrograms\3dParty\assimp-master\code\Blender\BlenderDNA.inl">
      <Filter>BLEND</Filter>
    </ClInclude>
    <ClInclude Include="J:\ExternalPrograms\3dParty\assimp-master\code\Blender\BlenderScene.h">
      <Filter>BLEND</Filter>
    </ClInclude>
    <ClInclude Include="J:\ExternalPrograms\3dParty\assimp-master\code\Blender\BlenderSceneGen.h">
      <Filter>BLEND</Filter>
    </ClInclude>
    <ClInclude Include="J:\ExternalPrograms\3dParty\assimp-master\code\Blender\BlenderIntermediate.h">
      <Filter>BLEND</Filter>
    </ClInclude>
    <ClInclude Include="J:\ExternalPrograms\3dParty\assimp-master\code\Blender\BlenderModifier.h">
      <Filter>BLEND</Filter>
    </ClInclude>
    <ClInclude Include="J:\ExternalPrograms\3dParty\assimp-master\code\Blender\BlenderBMesh.h">
      <Filter>BLEND</Filter>
    </ClInclude>
    <ClInclude Include="J:\ExternalPrograms\3dParty\assimp-master\code\Blender\BlenderTessellator.h">
      <Filter>BLEND</Filter>
    </ClInclude>
    <ClInclude Include="J:\ExternalPrograms\3dParty\assimp-master\code\Blender\BlenderCustomData.h">
      <Filter>BLEND</Filter>
    </ClInclude>
    <ClInclude Include="J:\ExternalPrograms\3dParty\assimp-master\code\Importer\IFC\IFCLoader.h">
      <Filter>IFC</Filter>
    </ClInclude>
    <ClInclude Include="J:\ExternalPrograms\3dParty\assimp-master\code\Importer\IFC\IFCReaderGen_2x3.h">
      <Filter>IFC</Filter>
    </ClInclude>
    <ClInclude Include="J:\ExternalPrograms\3dParty\assimp-master\code\Importer\IFC\IFCUtil.h">
      <Filter>IFC</Filter>
    </ClInclude>
    <ClInclude Include="J:\ExternalPrograms\3dParty\assimp-master\code\XGL\XGLLoader.h">
      <Filter>XGL</Filter>
    </ClInclude>
    <ClInclude Include="J:\ExternalPrograms\3dParty\assimp-master\code\FBX\FBXCompileConfig.h">
      <Filter>FBX</Filter>
    </ClInclude>
    <ClInclude Include="J:\ExternalPrograms\3dParty\assimp-master\code\FBX\FBXImporter.h">
      <Filter>FBX</Filter>
    </ClInclude>
    <ClInclude Include="J:\ExternalPrograms\3dParty\assimp-master\code\FBX\FBXParser.h">
      <Filter>FBX</Filter>
    </ClInclude>
    <ClInclude Include="J:\ExternalPrograms\3dParty\assimp-master\code\FBX\FBXTokenizer.h">
      <Filter>FBX</Filter>
    </ClInclude>
    <ClInclude Include="J:\ExternalPrograms\3dParty\assimp-master\code\FBX\FBXImportSettings.h">
      <Filter>FBX</Filter>
    </ClInclude>
    <ClInclude Include="J:\ExternalPrograms\3dParty\assimp-master\code\FBX\FBXConverter.h">
      <Filter>FBX</Filter>
    </ClInclude>
    <ClInclude Include="J:\ExternalPrograms\3dParty\assimp-master\code\FBX\FBXUtil.h">
      <Filter>FBX</Filter>
    </ClInclude>
    <ClInclude Include="J:\ExternalPrograms\3dParty\assimp-master\code\FBX\FBXDocument.h">
      <Filter>FBX</Filter>
    </ClInclude>
    <ClInclude Include="J:\ExternalPrograms\3dParty\assimp-master\code\FBX\FBXProperties.h">
      <Filter>FBX</Filter>
    </ClInclude>
    <ClInclude Include="J:\ExternalPrograms\3dParty\assimp-master\code\FBX\FBXMeshGeometry.h">
      <Filter>FBX</Filter>
    </ClInclude>
    <ClInclude Include="J:\ExternalPrograms\3dParty\assimp-master\code\FBX\FBXCommon.h">
      <Filter>FBX</Filter>
    </ClInclude>
    <ClInclude Include="J:\ExternalPrograms\3dParty\assimp-master\code\Q3D\Q3DLoader.h">
      <Filter>Q3D</Filter>
    </ClInclude>
    <ClInclude Include="J:\ExternalPrograms\3dParty\assimp-master\code\Q3BSP\Q3BSPFileData.h">
      <Filter>Q3BSP</Filter>
    </ClInclude>
    <ClInclude Include="J:\ExternalPrograms\3dParty\assimp-master\code\Q3BSP\Q3BSPFileParser.h">
      <Filter>Q3BSP</Filter>
    </ClInclude>
    <ClInclude Include="J:\ExternalPrograms\3dParty\assimp-master\code\Q3BSP\Q3BSPFileImporter.h">
      <Filter>Q3BSP</Filter>
    </ClInclude>
    <ClInclude Include="J:\ExternalPrograms\3dParty\assimp-master\code\Raw\RawLoader.h">
      <Filter>RAW</Filter>
    </ClInclude>
    <ClInclude Include="J:\ExternalPrograms\3dParty\assimp-master\code\SIB\SIBImporter.h">
      <Filter>SIB</Filter>
    </ClInclude>
    <ClInclude Include="J:\ExternalPrograms\3dParty\assimp-master\code\SMD\SMDLoader.h">
      <Filter>SMD</Filter>
    </ClInclude>
    <ClInclude Include="J:\ExternalPrograms\3dParty\assimp-master\code\STL\STLLoader.h">
      <Filter>STL</Filter>
    </ClInclude>
    <ClInclude Include="J:\ExternalPrograms\3dParty\assimp-master\code\Terragen\TerragenLoader.h">
      <Filter>TERRAGEN</Filter>
    </ClInclude>
    <ClInclude Include="J:\ExternalPrograms\3dParty\assimp-master\code\Unreal\UnrealLoader.h">
      <Filter>3D</Filter>
    </ClInclude>
    <ClInclude Include="J:\ExternalPrograms\3dParty\assimp-master\code\X\XFileHelper.h">
      <Filter>X</Filter>
    </ClInclude>
    <ClInclude Include="J:\ExternalPrograms\3dParty\assimp-master\code\X\XFileImporter.h">
      <Filter>X</Filter>
    </ClInclude>
    <ClInclude Include="J:\ExternalPrograms\3dParty\assimp-master\code\X\XFileParser.h">
      <Filter>X</Filter>
    </ClInclude>
    <ClInclude Include="J:\ExternalPrograms\3dParty\assimp-master\code\X3D\X3DImporter.hpp">
      <Filter>X3D</Filter>
    </ClInclude>
    <ClInclude Include="J:\ExternalPrograms\3dParty\assimp-master\code\X3D\X3DImporter_Macro.hpp">
      <Filter>X3D</Filter>
    </ClInclude>
    <ClInclude Include="J:\ExternalPrograms\3dParty\assimp-master\code\X3D\X3DImporter_Node.hpp">
      <Filter>X3D</Filter>
    </ClInclude>
    <ClInclude Include="J:\ExternalPrograms\3dParty\assimp-master\code\X3D\FIReader.hpp">
      <Filter>X3D</Filter>
    </ClInclude>
    <ClInclude Include="J:\ExternalPrograms\3dParty\assimp-master\code\glTF\glTFCommon.h">
      <Filter>GLTF</Filter>
    </ClInclude>
    <ClInclude Include="J:\ExternalPrograms\3dParty\assimp-master\code\glTF\glTFAsset.h">
      <Filter>GLTF</Filter>
    </ClInclude>
    <ClInclude Include="J:\ExternalPrograms\3dParty\assimp-master\code\glTF\glTFAsset.inl">
      <Filter>GLTF</Filter>
    </ClInclude>
    <ClInclude Include="J:\ExternalPrograms\3dParty\assimp-master\code\glTF\glTFAssetWriter.h">
      <Filter>GLTF</Filter>
    </ClInclude>
    <ClInclude Include="J:\ExternalPrograms\3dParty\assimp-master\code\glTF\glTFAssetWriter.inl">
      <Filter>GLTF</Filter>
    </ClInclude>
    <ClInclude Include="J:\ExternalPrograms\3dParty\assimp-master\code\glTF\glTFImporter.h">
      <Filter>GLTF</Filter>
    </ClInclude>
    <ClInclude Include="J:\ExternalPrograms\3dParty\assimp-master\code\glTF2\glTF2Asset.h">
      <Filter>GLTF</Filter>
    </ClInclude>
    <ClInclude Include="J:\ExternalPrograms\3dParty\assimp-master\code\glTF2\glTF2Asset.inl">
      <Filter>GLTF</Filter>
    </ClInclude>
    <ClInclude Include="J:\ExternalPrograms\3dParty\assimp-master\code\glTF2\glTF2AssetWriter.h">
      <Filter>GLTF</Filter>
    </ClInclude>
    <ClInclude Include="J:\ExternalPrograms\3dParty\assimp-master\code\glTF2\glTF2AssetWriter.inl">
      <Filter>GLTF</Filter>
    </ClInclude>
    <ClInclude Include="J:\ExternalPrograms\3dParty\assimp-master\code\glTF2\glTF2Importer.h">
      <Filter>GLTF</Filter>
    </ClInclude>
    <ClInclude Include="J:\ExternalPrograms\3dParty\assimp-master\code\3MF\D3MFImporter.h">
      <Filter>3MF</Filter>
    </ClInclude>
    <ClInclude Include="J:\ExternalPrograms\3dParty\assimp-master\code\3MF\D3MFOpcPackage.h">
      <Filter>3MF</Filter>
    </ClInclude>
    <ClInclude Include="J:\ExternalPrograms\3dParty\assimp-master\code\3MF\3MFXmlTags.h">
      <Filter>3MF</Filter>
    </ClInclude>
    <ClInclude Include="J:\ExternalPrograms\3dParty\assimp-master\code\MMD\MMDCpp14.h">
      <Filter>MMD</Filter>
    </ClInclude>
    <ClInclude Include="J:\ExternalPrograms\3dParty\assimp-master\code\MMD\MMDImporter.h">
      <Filter>MMD</Filter>
    </ClInclude>
    <ClInclude Include="J:\ExternalPrograms\3dParty\assimp-master\code\MMD\MMDPmdParser.h">
      <Filter>MMD</Filter>
    </ClInclude>
    <ClInclude Include="J:\ExternalPrograms\3dParty\assimp-master\code\MMD\MMDPmxParser.h">
      <Filter>MMD</Filter>
    </ClInclude>
    <ClInclude Include="J:\ExternalPrograms\3dParty\assimp-master\code\MMD\MMDVmdParser.h">
      <Filter>MMD</Filter>
    </ClInclude>
    <ClInclude Include="J:\ExternalPrograms\3dParty\assimp-master\code\Step\STEPFile.h">
      <Filter>STEP</Filter>
    </ClInclude>
    <ClInclude Include="J:\ExternalPrograms\3dParty\assimp-master\code\Importer\StepFile\StepFileImporter.h">
      <Filter>STEP</Filter>
    </ClInclude>
    <ClInclude Include="J:\ExternalPrograms\3dParty\assimp-master\code\Importer\StepFile\StepReaderGen.h">
      <Filter>STEP</Filter>
    </ClInclude>
    <ClInclude Include="J:\ExternalPrograms\3dParty\assimp-master\code\3DS\3DSExporter.h">
      <Filter>3DS_EXPORTER</Filter>
    </ClInclude>
    <ClInclude Include="J:\ExternalPrograms\3dParty\assimp-master\code\Assbin\AssbinExporter.h">
      <Filter>ASSBIN_EXPORTER</Filter>
    </ClInclude>
    <ClInclude Include="J:\ExternalPrograms\3dParty\assimp-master\code\Assbin\AssbinFileWriter.h">
      <Filter>ASSBIN_EXPORTER</Filter>
    </ClInclude>
    <ClInclude Include="J:\ExternalPrograms\3dParty\assimp-master\code\Assxml\AssxmlExporter.h">
      <Filter>ASSXML_EXPORTER</Filter>
    </ClInclude>
    <ClInclude Include="J:\ExternalPrograms\3dParty\assimp-master\code\Assxml\AssxmlFileWriter.h">
      <Filter>ASSXML_EXPORTER</Filter>
    </ClInclude>
    <ClInclude Include="J:\ExternalPrograms\3dParty\assimp-master\code\Collada\ColladaExporter.h">
      <Filter>COLLADA_EXPORTER</Filter>
    </ClInclude>
    <ClInclude Include="J:\ExternalPrograms\3dParty\assimp-master\code\M3D\M3DExporter.h">
      <Filter>M3D_EXPORTER</Filter>
    </ClInclude>
    <ClInclude Include="J:\ExternalPrograms\3dParty\assimp-master\code\Obj\ObjExporter.h">
      <Filter>OBJ_EXPORTER</Filter>
    </ClInclude>
    <ClInclude Include="J:\ExternalPrograms\3dParty\assimp-master\code\OpenGEX\OpenGEXExporter.h">
      <Filter>OPENGEX_EXPORTER</Filter>
    </ClInclude>
    <ClInclude Include="J:\ExternalPrograms\3dParty\assimp-master\code\Ply\PlyExporter.h">
      <Filter>PLY_EXPORTER</Filter>
    </ClInclude>
    <ClInclude Include="J:\ExternalPrograms\3dParty\assimp-master\code\FBX\FBXExporter.h">
      <Filter>FBX_EXPORTER</Filter>
    </ClInclude>
    <ClInclude Include="J:\ExternalPrograms\3dParty\assimp-master\code\FBX\FBXExportNode.h">
      <Filter>FBX_EXPORTER</Filter>
    </ClInclude>
    <ClInclude Include="J:\ExternalPrograms\3dParty\assimp-master\code\FBX\FBXExportProperty.h">
      <Filter>FBX_EXPORTER</Filter>
    </ClInclude>
    <ClInclude Include="J:\ExternalPrograms\3dParty\assimp-master\code\STL\STLExporter.h">
      <Filter>STL_EXPORTER</Filter>
    </ClInclude>
    <ClInclude Include="J:\ExternalPrograms\3dParty\assimp-master\code\X\XFileExporter.h">
      <Filter>X_EXPORTER</Filter>
    </ClInclude>
    <ClInclude Include="J:\ExternalPrograms\3dParty\assimp-master\code\X3D\X3DExporter.hpp">
      <Filter>X3D_EXPORTER</Filter>
    </ClInclude>
    <ClInclude Include="J:\ExternalPrograms\3dParty\assimp-master\code\glTF\glTFExporter.h">
      <Filter>GLTF_EXPORTER</Filter>
    </ClInclude>
    <ClInclude Include="J:\ExternalPrograms\3dParty\assimp-master\code\glTF2\glTF2Exporter.h">
      <Filter>GLTF_EXPORTER</Filter>
    </ClInclude>
    <ClInclude Include="J:\ExternalPrograms\3dParty\assimp-master\code\3MF\D3MFExporter.h">
      <Filter>3MF_EXPORTER</Filter>
    </ClInclude>
    <ClInclude Include="J:\ExternalPrograms\3dParty\assimp-master\code\Assjson\cencode.h">
      <Filter>ASSJSON_EXPORTER</Filter>
    </ClInclude>
    <ClInclude Include="J:\ExternalPrograms\3dParty\assimp-master\code\Assjson\mesh_splitter.h">
      <Filter>ASSJSON_EXPORTER</Filter>
    </ClInclude>
    <ClInclude Include="J:\ExternalPrograms\3dParty\assimp-master\code\Step\StepExporter.h">
      <Filter>STEP_EXPORTER</Filter>
    </ClInclude>
    <ClInclude Include="J:\ExternalPrograms\3dParty\assimp-master\include\assimp\irrXMLWrapper.h">
      <Filter>include\assimp</Filter>
    </ClInclude>
    <ClInclude Include="J:\ExternalPrograms\3dParty\assimp-master\contrib\unzip\crypt.h">
      <Filter>Contrib\unzip</Filter>
    </ClInclude>
    <ClInclude Include="J:\ExternalPrograms\3dParty\assimp-master\contrib\unzip\ioapi.h">
      <Filter>Contrib\unzip</Filter>
    </ClInclude>
    <ClInclude Include="J:\ExternalPrograms\3dParty\assimp-master\contrib\unzip\unzip.h">
      <Filter>Contrib\unzip</Filter>
    </ClInclude>
    <ClInclude Include="J:\ExternalPrograms\3dParty\assimp-master\contrib\poly2tri\poly2tri\common\shapes.h">
      <Filter>Contrib\Poly2Tri</Filter>
    </ClInclude>
    <ClInclude Include="J:\ExternalPrograms\3dParty\assimp-master\contrib\poly2tri\poly2tri\common\utils.h">
      <Filter>Contrib\Poly2Tri</Filter>
    </ClInclude>
    <ClInclude Include="J:\ExternalPrograms\3dParty\assimp-master\contrib\poly2tri\poly2tri\sweep\advancing_front.h">
      <Filter>Contrib\Poly2Tri</Filter>
    </ClInclude>
    <ClInclude Include="J:\ExternalPrograms\3dParty\assimp-master\contrib\poly2tri\poly2tri\sweep\cdt.h">
      <Filter>Contrib\Poly2Tri</Filter>
    </ClInclude>
    <ClInclude Include="J:\ExternalPrograms\3dParty\assimp-master\contrib\poly2tri\poly2tri\sweep\sweep.h">
      <Filter>Contrib\Poly2Tri</Filter>
    </ClInclude>
    <ClInclude Include="J:\ExternalPrograms\3dParty\assimp-master\contrib\poly2tri\poly2tri\sweep\sweep_context.h">
      <Filter>Contrib\Poly2Tri</Filter>
    </ClInclude>
    <ClInclude Include="J:\ExternalPrograms\3dParty\assimp-master\contrib\clipper\clipper.hpp">
      <Filter>Contrib\Clipper</Filter>
    </ClInclude>
    <ClInclude Include="J:\ExternalPrograms\3dParty\assimp-master\contrib\openddlparser\include\openddlparser\OpenDDLParser.h">
      <Filter>Contrib\openddl_parser</Filter>
    </ClInclude>
    <ClInclude Include="J:\ExternalPrograms\3dParty\assimp-master\contrib\openddlparser\include\openddlparser\OpenDDLParserUtils.h">
      <Filter>Contrib\openddl_parser</Filter>
    </ClInclude>
    <ClInclude Include="J:\ExternalPrograms\3dParty\assimp-master\contrib\openddlparser\include\openddlparser\OpenDDLCommon.h">
      <Filter>Contrib\openddl_parser</Filter>
    </ClInclude>
    <ClInclude Include="J:\ExternalPrograms\3dParty\assimp-master\contrib\openddlparser\include\openddlparser\OpenDDLExport.h">
      <Filter>Contrib\openddl_parser</Filter>
    </ClInclude>
    <ClInclude Include="J:\ExternalPrograms\3dParty\assimp-master\contrib\openddlparser\include\openddlparser\OpenDDLStream.h">
      <Filter>Contrib\openddl_parser</Filter>
    </ClInclude>
    <ClInclude Include="J:\ExternalPrograms\3dParty\assimp-master\contrib\openddlparser\include\openddlparser\DDLNode.h">
      <Filter>Contrib\openddl_parser</Filter>
    </ClInclude>
    <ClInclude Include="J:\ExternalPrograms\3dParty\assimp-master\contrib\openddlparser\include\openddlparser\Value.h">
      <Filter>Contrib\openddl_parser</Filter>
    </ClInclude>
    <ClInclude Include="J:\ExternalPrograms\3dParty\assimp-master\contrib\Open3DGC\o3dgcAdjacencyInfo.h">
      <Filter>Contrib\open3dgc</Filter>
    </ClInclude>
    <ClInclude Include="J:\ExternalPrograms\3dParty\assimp-master\contrib\Open3DGC\o3dgcArithmeticCodec.h">
      <Filter>Contrib\open3dgc</Filter>
    </ClInclude>
    <ClInclude Include="J:\ExternalPrograms\3dParty\assimp-master\contrib\Open3DGC\o3dgcBinaryStream.h">
      <Filter>Contrib\open3dgc</Filter>
    </ClInclude>
    <ClInclude Include="J:\ExternalPrograms\3dParty\assimp-master\contrib\Open3DGC\o3dgcCommon.h">
      <Filter>Contrib\open3dgc</Filter>
    </ClInclude>
    <ClInclude Include="J:\ExternalPrograms\3dParty\assimp-master\contrib\Open3DGC\o3dgcDVEncodeParams.h">
      <Filter>Contrib\open3dgc</Filter>
    </ClInclude>
    <ClInclude Include="J:\ExternalPrograms\3dParty\assimp-master\contrib\Open3DGC\o3dgcDynamicVectorDecoder.h">
      <Filter>Contrib\open3dgc</Filter>
    </ClInclude>
    <ClInclude Include="J:\ExternalPrograms\3dParty\assimp-master\contrib\Open3DGC\o3dgcDynamicVectorEncoder.h">
      <Filter>Contrib\open3dgc</Filter>
    </ClInclude>
    <ClInclude Include="J:\ExternalPrograms\3dParty\assimp-master\contrib\Open3DGC\o3dgcDynamicVector.h">
      <Filter>Contrib\open3dgc</Filter>
    </ClInclude>
    <ClInclude Include="J:\ExternalPrograms\3dParty\assimp-master\contrib\Open3DGC\o3dgcFIFO.h">
      <Filter>Contrib\open3dgc</Filter>
    </ClInclude>
    <ClInclude Include="J:\ExternalPrograms\3dParty\assimp-master\contrib\Open3DGC\o3dgcIndexedFaceSet.h">
      <Filter>Contrib\open3dgc</Filter>
    </ClInclude>
    <ClInclude Include="J:\ExternalPrograms\3dParty\assimp-master\contrib\Open3DGC\o3dgcIndexedFaceSet.inl">
      <Filter>Contrib\open3dgc</Filter>
    </ClInclude>
    <ClInclude Include="J:\ExternalPrograms\3dParty\assimp-master\contrib\Open3DGC\o3dgcSC3DMCDecoder.h">
      <Filter>Contrib\open3dgc</Filter>
    </ClInclude>
    <ClInclude Include="J:\ExternalPrograms\3dParty\assimp-master\contrib\Open3DGC\o3dgcSC3DMCDecoder.inl">
      <Filter>Contrib\open3dgc</Filter>
    </ClInclude>
    <ClInclude Include="J:\ExternalPrograms\3dParty\assimp-master\contrib\Open3DGC\o3dgcSC3DMCEncodeParams.h">
      <Filter>Contrib\open3dgc</Filter>
    </ClInclude>
    <ClInclude Include="J:\ExternalPrograms\3dParty\assimp-master\contrib\Open3DGC\o3dgcSC3DMCEncoder.h">
      <Filter>Contrib\open3dgc</Filter>
    </ClInclude>
    <ClInclude Include="J:\ExternalPrograms\3dParty\assimp-master\contrib\Open3DGC\o3dgcSC3DMCEncoder.inl">
      <Filter>Contrib\open3dgc</Filter>
    </ClInclude>
    <ClInclude Include="J:\ExternalPrograms\3dParty\assimp-master\contrib\Open3DGC\o3dgcTimer.h">
      <Filter>Contrib\open3dgc</Filter>
    </ClInclude>
    <ClInclude Include="J:\ExternalPrograms\3dParty\assimp-master\contrib\Open3DGC\o3dgcTriangleFans.h">
      <Filter>Contrib\open3dgc</Filter>
    </ClInclude>
    <ClInclude Include="J:\ExternalPrograms\3dParty\assimp-master\contrib\Open3DGC\o3dgcTriangleListDecoder.h">
      <Filter>Contrib\open3dgc</Filter>
    </ClInclude>
    <ClInclude Include="J:\ExternalPrograms\3dParty\assimp-master\contrib\Open3DGC\o3dgcTriangleListDecoder.inl">
      <Filter>Contrib\open3dgc</Filter>
    </ClInclude>
    <ClInclude Include="J:\ExternalPrograms\3dParty\assimp-master\contrib\Open3DGC\o3dgcTriangleListEncoder.h">
      <Filter>Contrib\open3dgc</Filter>
    </ClInclude>
    <ClInclude Include="J:\ExternalPrograms\3dParty\assimp-master\contrib\Open3DGC\o3dgcTriangleListEncoder.inl">
      <Filter>Contrib\open3dgc</Filter>
    </ClInclude>
    <ClInclude Include="J:\ExternalPrograms\3dParty\assimp-master\contrib\Open3DGC\o3dgcVector.h">
      <Filter>Contrib\open3dgc</Filter>
    </ClInclude>
    <ClInclude Include="J:\ExternalPrograms\3dParty\assimp-master\contrib\Open3DGC\o3dgcVector.inl">
      <Filter>Contrib\open3dgc</Filter>
    </ClInclude>
    <ClInclude Include="J:\ExternalPrograms\3dParty\assimp-master\contrib\zip\src\miniz.h">
      <Filter>ziplib</Filter>
    </ClInclude>
    <ClInclude Include="J:\ExternalPrograms\3dParty\assimp-master\contrib\zip\src\zip.h">
      <Filter>ziplib</Filter>
    </ClInclude>
    <ClInclude Include="J:\ExternalPrograms\3dParty\assimp-master\include\assimp\anim.h">
      <Filter>include\assimp</Filter>
    </ClInclude>
    <ClInclude Include="J:\ExternalPrograms\3dParty\assimp-master\include\assimp\aabb.h">
      <Filter>include\assimp</Filter>
    </ClInclude>
    <ClInclude Include="J:\ExternalPrograms\3dParty\assimp-master\include\assimp\ai_assert.h">
      <Filter>include\assimp</Filter>
    </ClInclude>
    <ClInclude Include="J:\ExternalPrograms\3dParty\assimp-master\include\assimp\camera.h">
      <Filter>include\assimp</Filter>
    </ClInclude>
    <ClInclude Include="J:\ExternalPrograms\3dParty\assimp-master\include\assimp\color4.h">
      <Filter>include\assimp</Filter>
    </ClInclude>
    <ClInclude Include="J:\ExternalPrograms\3dParty\assimp-master\include\assimp\color4.inl">
      <Filter>include\assimp</Filter>
    </ClInclude>
    <ClInclude Include="J:\ExternalPrograms\3dParty\assimp-master\AssimpBuild\include\assimp\config.h">
      <Filter>include\assimp</Filter>
    </ClInclude>
    <ClInclude Include="J:\ExternalPrograms\3dParty\assimp-master\include\assimp\commonMetaData.h">
      <Filter>include\assimp</Filter>
    </ClInclude>
    <ClInclude Include="J:\ExternalPrograms\3dParty\assimp-master\include\assimp\defs.h">
      <Filter>include\assimp</Filter>
    </ClInclude>
    <ClInclude Include="J:\ExternalPrograms\3dParty\assimp-master\include\assimp\Defines.h">
      <Filter>include\assimp</Filter>
    </ClInclude>
    <ClInclude Include="J:\ExternalPrograms\3dParty\assimp-master\include\assimp\cfileio.h">
      <Filter>include\assimp</Filter>
    </ClInclude>
    <ClInclude Include="J:\ExternalPrograms\3dParty\assimp-master\include\assimp\light.h">
      <Filter>include\assimp</Filter>
    </ClInclude>
    <ClInclude Include="J:\ExternalPrograms\3dParty\assimp-master\include\assimp\material.h">
      <Filter>include\assimp</Filter>
    </ClInclude>
    <ClInclude Include="J:\ExternalPrograms\3dParty\assimp-master\include\assimp\material.inl">
      <Filter>include\assimp</Filter>
    </ClInclude>
    <ClInclude Include="J:\ExternalPrograms\3dParty\assimp-master\include\assimp\matrix3x3.h">
      <Filter>include\assimp</Filter>
    </ClInclude>
    <ClInclude Include="J:\ExternalPrograms\3dParty\assimp-master\include\assimp\matrix3x3.inl">
      <Filter>include\assimp</Filter>
    </ClInclude>
    <ClInclude Include="J:\ExternalPrograms\3dParty\assimp-master\include\assimp\matrix4x4.h">
      <Filter>include\assimp</Filter>
    </ClInclude>
    <ClInclude Include="J:\ExternalPrograms\3dParty\assimp-master\include\assimp\matrix4x4.inl">
      <Filter>include\assimp</Filter>
    </ClInclude>
    <ClInclude Include="J:\ExternalPrograms\3dParty\assimp-master\include\assimp\mesh.h">
      <Filter>include\assimp</Filter>
    </ClInclude>
    <ClInclude Include="J:\ExternalPrograms\3dParty\assimp-master\include\assimp\pbrmaterial.h">
      <Filter>include\assimp</Filter>
    </ClInclude>
    <ClInclude Include="J:\ExternalPrograms\3dParty\assimp-master\include\assimp\postprocess.h">
      <Filter>include\assimp</Filter>
    </ClInclude>
    <ClInclude Include="J:\ExternalPrograms\3dParty\assimp-master\include\assimp\quaternion.h">
      <Filter>include\assimp</Filter>
    </ClInclude>
    <ClInclude Include="J:\ExternalPrograms\3dParty\assimp-master\include\assimp\quaternion.inl">
      <Filter>include\assimp</Filter>
    </ClInclude>
    <ClInclude Include="J:\ExternalPrograms\3dParty\assimp-master\include\assimp\scene.h">
      <Filter>include\assimp</Filter>
    </ClInclude>
    <ClInclude Include="J:\ExternalPrograms\3dParty\assimp-master\include\assimp\metadata.h">
      <Filter>include\assimp</Filter>
    </ClInclude>
    <ClInclude Include="J:\ExternalPrograms\3dParty\assimp-master\include\assimp\texture.h">
      <Filter>include\assimp</Filter>
    </ClInclude>
    <ClInclude Include="J:\ExternalPrograms\3dParty\assimp-master\include\assimp\types.h">
      <Filter>include\assimp</Filter>
    </ClInclude>
    <ClInclude Include="J:\ExternalPrograms\3dParty\assimp-master\include\assimp\vector2.h">
      <Filter>include\assimp</Filter>
    </ClInclude>
    <ClInclude Include="J:\ExternalPrograms\3dParty\assimp-master\include\assimp\vector2.inl">
      <Filter>include\assimp</Filter>
    </ClInclude>
    <ClInclude Include="J:\ExternalPrograms\3dParty\assimp-master\include\assimp\vector3.h">
      <Filter>include\assimp</Filter>
    </ClInclude>
    <ClInclude Include="J:\ExternalPrograms\3dParty\assimp-master\include\assimp\vector3.inl">
      <Filter>include\assimp</Filter>
    </ClInclude>
    <ClInclude Include="J:\ExternalPrograms\3dParty\assimp-master\include\assimp\version.h">
      <Filter>include\assimp</Filter>
    </ClInclude>
    <ClInclude Include="J:\ExternalPrograms\3dParty\assimp-master\include\assimp\cimport.h">
      <Filter>include\assimp</Filter>
    </ClInclude>
    <ClInclude Include="J:\ExternalPrograms\3dParty\assimp-master\include\assimp\importerdesc.h">
      <Filter>include\assimp</Filter>
    </ClInclude>
    <ClInclude Include="J:\ExternalPrograms\3dParty\assimp-master\include\assimp\Importer.hpp">
      <Filter>include\assimp</Filter>
    </ClInclude>
    <ClInclude Include="J:\ExternalPrograms\3dParty\assimp-master\include\assimp\ProgressHandler.hpp">
      <Filter>include\assimp</Filter>
    </ClInclude>
    <ClInclude Include="J:\ExternalPrograms\3dParty\assimp-master\include\assimp\IOStream.hpp">
      <Filter>include\assimp</Filter>
    </ClInclude>
    <ClInclude Include="J:\ExternalPrograms\3dParty\assimp-master\include\assimp\IOSystem.hpp">
      <Filter>include\assimp</Filter>
    </ClInclude>
    <ClInclude Include="J:\ExternalPrograms\3dParty\assimp-master\include\assimp\cexport.h">
      <Filter>include\assimp</Filter>
    </ClInclude>
    <ClInclude Include="J:\ExternalPrograms\3dParty\assimp-master\include\assimp\Exporter.hpp">
      <Filter>include\assimp</Filter>
    </ClInclude>
    <ClInclude Include="J:\ExternalPrograms\3dParty\assimp-master\include\assimp\DefaultIOStream.h">
      <Filter>include\assimp</Filter>
    </ClInclude>
    <ClInclude Include="J:\ExternalPrograms\3dParty\assimp-master\include\assimp\DefaultIOSystem.h">
      <Filter>include\assimp</Filter>
    </ClInclude>
    <ClInclude Include="J:\ExternalPrograms\3dParty\assimp-master\include\assimp\ZipArchiveIOSystem.h">
      <Filter>include\assimp</Filter>
    </ClInclude>
    <ClInclude Include="J:\ExternalPrograms\3dParty\assimp-master\include\assimp\SceneCombiner.h">
      <Filter>include\assimp</Filter>
    </ClInclude>
    <ClInclude Include="J:\ExternalPrograms\3dParty\assimp-master\include\assimp\fast_atof.h">
      <Filter>include\assimp</Filter>
    </ClInclude>
    <ClInclude Include="J:\ExternalPrograms\3dParty\assimp-master\include\assimp\qnan.h">
      <Filter>include\assimp</Filter>
    </ClInclude>
    <ClInclude Include="J:\ExternalPrograms\3dParty\assimp-master\include\assimp\BaseImporter.h">
      <Filter>include\assimp</Filter>
    </ClInclude>
    <ClInclude Include="J:\ExternalPrograms\3dParty\assimp-master\include\assimp\Hash.h">
      <Filter>include\assimp</Filter>
    </ClInclude>
    <ClInclude Include="J:\ExternalPrograms\3dParty\assimp-master\include\assimp\MemoryIOWrapper.h">
      <Filter>include\assimp</Filter>
    </ClInclude>
    <ClInclude Include="J:\ExternalPrograms\3dParty\assimp-master\include\assimp\ParsingUtils.h">
      <Filter>include\assimp</Filter>
    </ClInclude>
    <ClInclude Include="J:\ExternalPrograms\3dParty\assimp-master\include\assimp\StreamReader.h">
      <Filter>include\assimp</Filter>
    </ClInclude>
    <ClInclude Include="J:\ExternalPrograms\3dParty\assimp-master\include\assimp\StreamWriter.h">
      <Filter>include\assimp</Filter>
    </ClInclude>
    <ClInclude Include="J:\ExternalPrograms\3dParty\assimp-master\include\assimp\StringComparison.h">
      <Filter>include\assimp</Filter>
    </ClInclude>
    <ClInclude Include="J:\ExternalPrograms\3dParty\assimp-master\include\assimp\StringUtils.h">
      <Filter>include\assimp</Filter>
    </ClInclude>
    <ClInclude Include="J:\ExternalPrograms\3dParty\assimp-master\include\assimp\SGSpatialSort.h">
      <Filter>include\assimp</Filter>
    </ClInclude>
    <ClInclude Include="J:\ExternalPrograms\3dParty\assimp-master\include\assimp\GenericProperty.h">
      <Filter>include\assimp</Filter>
    </ClInclude>
    <ClInclude Include="J:\ExternalPrograms\3dParty\assimp-master\include\assimp\SpatialSort.h">
      <Filter>include\assimp</Filter>
    </ClInclude>
    <ClInclude Include="J:\ExternalPrograms\3dParty\assimp-master\include\assimp\SkeletonMeshBuilder.h">
      <Filter>include\assimp</Filter>
    </ClInclude>
    <ClInclude Include="J:\ExternalPrograms\3dParty\assimp-master\include\assimp\SmoothingGroups.h">
      <Filter>include\assimp</Filter>
    </ClInclude>
    <ClInclude Include="J:\ExternalPrograms\3dParty\assimp-master\include\assimp\SmoothingGroups.inl">
      <Filter>include\assimp</Filter>
    </ClInclude>
    <ClInclude Include="J:\ExternalPrograms\3dParty\assimp-master\include\assimp\StandardShapes.h">
      <Filter>include\assimp</Filter>
    </ClInclude>
    <ClInclude Include="J:\ExternalPrograms\3dParty\assimp-master\include\assimp\RemoveComments.h">
      <Filter>include\assimp</Filter>
    </ClInclude>
    <ClInclude Include="J:\ExternalPrograms\3dParty\assimp-master\include\assimp\Subdivision.h">
      <Filter>include\assimp</Filter>
    </ClInclude>
    <ClInclude Include="J:\ExternalPrograms\3dParty\assimp-master\include\assimp\Vertex.h">
      <Filter>include\assimp</Filter>
    </ClInclude>
    <ClInclude Include="J:\ExternalPrograms\3dParty\assimp-master\include\assimp\LineSplitter.h">
      <Filter>include\assimp</Filter>
    </ClInclude>
    <ClInclude Include="J:\ExternalPrograms\3dParty\assimp-master\include\assimp\TinyFormatter.h">
      <Filter>include\assimp</Filter>
    </ClInclude>
    <ClInclude Include="J:\ExternalPrograms\3dParty\assimp-master\include\assimp\Profiler.h">
      <Filter>include\assimp</Filter>
    </ClInclude>
    <ClInclude Include="J:\ExternalPrograms\3dParty\assimp-master\include\assimp\LogAux.h">
      <Filter>include\assimp</Filter>
    </ClInclude>
    <ClInclude Include="J:\ExternalPrograms\3dParty\assimp-master\include\assimp\Bitmap.h">
      <Filter>include\assimp</Filter>
    </ClInclude>
    <ClInclude Include="J:\ExternalPrograms\3dParty\assimp-master\include\assimp\XMLTools.h">
      <Filter>include\assimp</Filter>
    </ClInclude>
    <ClInclude Include="J:\ExternalPrograms\3dParty\assimp-master\include\assimp\IOStreamBuffer.h">
      <Filter>include\assimp</Filter>
    </ClInclude>
    <ClInclude Include="J:\ExternalPrograms\3dParty\assimp-master\include\assimp\CreateAnimMesh.h">
      <Filter>include\assimp</Filter>
    </ClInclude>
    <ClInclude Include="J:\ExternalPrograms\3dParty\assimp-master\include\assimp\MathFunctions.h">
      <Filter>include\assimp</Filter>
    </ClInclude>
    <ClInclude Include="J:\ExternalPrograms\3dParty\assimp-master\include\assimp\Exceptional.h">
      <Filter>include\assimp</Filter>
    </ClInclude>
    <ClInclude Include="J:\ExternalPrograms\3dParty\assimp-master\include\assimp\ByteSwapper.h">
      <Filter>include\assimp</Filter>
    </ClInclude>
    <ClInclude Include="J:\ExternalPrograms\3dParty\assimp-master\include\assimp\Compiler\pushpack1.h">
      <Filter>Compiler</Filter>
    </ClInclude>
    <ClInclude Include="J:\ExternalPrograms\3dParty\assimp-master\include\assimp\Compiler\poppack1.h">
      <Filter>Compiler</Filter>
    </ClInclude>
    <ClInclude Include="J:\ExternalPrograms\3dParty\assimp-master\include\assimp\Compiler\pstdint.h">
      <Filter>Compiler</Filter>
    </ClInclude>
  </ItemGroup>
  <ItemGroup>
    <CustomBuild Include="J:\ExternalPrograms\3dParty\assimp-master\code\CMakeLists.txt" />
  </ItemGroup>
  <ItemGroup>
    <ResourceCompile Include="J:\ExternalPrograms\3dParty\assimp-master\code\res\assimp.rc">
      <Filter>Source Files</Filter>
    </ResourceCompile>
  </ItemGroup>
  <ItemGroup>
    <Filter Include="3D">
      <UniqueIdentifier>{AA2AC816-9AA9-3D22-BAF6-C26316049497}</UniqueIdentifier>
    </Filter>
    <Filter Include="3DS">
      <UniqueIdentifier>{78E2BB81-78F5-3672-87AA-C4C1FBE8125F}</UniqueIdentifier>
    </Filter>
    <Filter Include="3DS_EXPORTER">
      <UniqueIdentifier>{F4B2E818-0028-3E5C-B661-164B894E236A}</UniqueIdentifier>
    </Filter>
    <Filter Include="3MF">
      <UniqueIdentifier>{8259E207-E835-3E0F-AC7C-84470CF7F39D}</UniqueIdentifier>
    </Filter>
    <Filter Include="3MF_EXPORTER">
      <UniqueIdentifier>{A3DB450B-EC46-3454-8BA7-85043AAA416C}</UniqueIdentifier>
    </Filter>
    <Filter Include="AC">
      <UniqueIdentifier>{4E9177C2-DCAB-302B-ABD9-EA39D2AF592C}</UniqueIdentifier>
    </Filter>
    <Filter Include="AMF">
      <UniqueIdentifier>{2695A3DC-8A9E-32FE-B13A-62CDB2D8BFA3}</UniqueIdentifier>
    </Filter>
    <Filter Include="ASE">
      <UniqueIdentifier>{5EA1752C-0761-3BB3-AB7A-39FC09E6D591}</UniqueIdentifier>
    </Filter>
    <Filter Include="ASSBIN">
      <UniqueIdentifier>{3E4EC192-5D10-34C1-9DC9-A1188C4A5051}</UniqueIdentifier>
    </Filter>
    <Filter Include="ASSBIN_EXPORTER">
      <UniqueIdentifier>{0F1A7146-2719-3962-9D08-6457891665B6}</UniqueIdentifier>
    </Filter>
    <Filter Include="ASSJSON_EXPORTER">
      <UniqueIdentifier>{3C8DE53E-0651-3163-9AF4-0E27EB2A49A5}</UniqueIdentifier>
    </Filter>
    <Filter Include="ASSXML_EXPORTER">
      <UniqueIdentifier>{6C1A3CB4-CAA4-3831-BC43-D44AFE58EC40}</UniqueIdentifier>
    </Filter>
    <Filter Include="B3D">
      <UniqueIdentifier>{8D515CD9-0C98-384B-88A5-3667FC61A3A5}</UniqueIdentifier>
    </Filter>
    <Filter Include="BLEND">
      <UniqueIdentifier>{DF62C255-AA90-3206-9770-68902BB08C36}</UniqueIdentifier>
    </Filter>
    <Filter Include="BVH">
      <UniqueIdentifier>{9AD22C0F-C266-3D0E-A8D9-E1C89C22B650}</UniqueIdentifier>
    </Filter>
    <Filter Include="CApi">
      <UniqueIdentifier>{A6E3B91D-4AC1-3BED-8532-828255711701}</UniqueIdentifier>
    </Filter>
    <Filter Include="COB">
      <UniqueIdentifier>{B4A87A53-4D9E-3048-A680-1B122D528E6C}</UniqueIdentifier>
    </Filter>
    <Filter Include="COLLADA">
      <UniqueIdentifier>{E8E5DD91-2E26-3DF4-A464-BBCCA8E875FA}</UniqueIdentifier>
    </Filter>
    <Filter Include="COLLADA_EXPORTER">
      <UniqueIdentifier>{88A2A581-4C93-386E-83A9-4DD552F3693A}</UniqueIdentifier>
    </Filter>
    <Filter Include="CSM">
      <UniqueIdentifier>{4F9D55C5-9D74-3F61-9FCF-C516B65CE519}</UniqueIdentifier>
    </Filter>
    <Filter Include="Common">
      <UniqueIdentifier>{13E3A5CD-081A-3623-A3D2-0F1E463B3602}</UniqueIdentifier>
    </Filter>
    <Filter Include="Compiler">
      <UniqueIdentifier>{D5F9548A-7A37-32EE-B706-C793802EF5AE}</UniqueIdentifier>
    </Filter>
    <Filter Include="Contrib">
      <UniqueIdentifier>{F47C9095-3598-3240-AB88-071AF5BCDEB1}</UniqueIdentifier>
    </Filter>
    <Filter Include="Contrib\Clipper">
      <UniqueIdentifier>{2CB277F0-DA37-33C9-BC3F-2595988A2A18}</UniqueIdentifier>
    </Filter>
    <Filter Include="Contrib\Poly2Tri">
      <UniqueIdentifier>{37776CA8-06C3-3531-A6EF-C18B8721E464}</UniqueIdentifier>
    </Filter>
    <Filter Include="Contrib\open3dgc">
      <UniqueIdentifier>{697F68BA-04D3-3D1A-A018-A3D0DB4DE3D9}</UniqueIdentifier>
    </Filter>
    <Filter Include="Contrib\openddl_parser">
      <UniqueIdentifier>{0600FE4A-7CA9-3CEA-8DDF-9F2D54F7E103}</UniqueIdentifier>
    </Filter>
    <Filter Include="Contrib\unzip">
      <UniqueIdentifier>{B2F138B7-8C99-3090-9F38-D858B66172B7}</UniqueIdentifier>
    </Filter>
    <Filter Include="DXF">
      <UniqueIdentifier>{375B1BE1-CD56-3773-AA92-CA531D23AE48}</UniqueIdentifier>
    </Filter>
    <Filter Include="Exporter">
      <UniqueIdentifier>{A862403F-3F60-3AE8-81B3-BBCB448FB2FE}</UniqueIdentifier>
    </Filter>
    <Filter Include="FBX">
      <UniqueIdentifier>{AC2A55E3-F26F-3C76-86C0-5FDD4B1FC0B1}</UniqueIdentifier>
    </Filter>
    <Filter Include="FBX_EXPORTER">
      <UniqueIdentifier>{04C22004-871F-38DF-8789-9F82B56DE6D0}</UniqueIdentifier>
    </Filter>
    <Filter Include="GLTF">
      <UniqueIdentifier>{141EE364-5E06-3776-98B2-27211FAA69B3}</UniqueIdentifier>
    </Filter>
    <Filter Include="GLTF_EXPORTER">
      <UniqueIdentifier>{F66D09B4-9DBC-370C-B348-C31FA7B069D3}</UniqueIdentifier>
    </Filter>
    <Filter Include="HMP">
      <UniqueIdentifier>{7D640348-D8E4-3941-AF9B-ED688111C34D}</UniqueIdentifier>
    </Filter>
    <Filter Include="IFC">
      <UniqueIdentifier>{66BA94F7-B801-316C-99AE-7BB4ACE117FA}</UniqueIdentifier>
    </Filter>
    <Filter Include="IRR">
      <UniqueIdentifier>{33D45294-73E0-3654-B4A7-37B3FF767F62}</UniqueIdentifier>
    </Filter>
    <Filter Include="IRRMESH">
      <UniqueIdentifier>{7C88FE5E-547F-3E25-A712-8DF7A967292B}</UniqueIdentifier>
    </Filter>
    <Filter Include="LWO">
      <UniqueIdentifier>{1E5F2539-DEA3-3FA4-8690-6698F6B416B4}</UniqueIdentifier>
    </Filter>
    <Filter Include="LWS">
      <UniqueIdentifier>{BB15D921-3C39-31F8-B672-47AAEB431D26}</UniqueIdentifier>
    </Filter>
    <Filter Include="Logging">
      <UniqueIdentifier>{80767233-89BD-39C9-8063-73F1B7C4480C}</UniqueIdentifier>
    </Filter>
    <Filter Include="M3D">
      <UniqueIdentifier>{41C31D65-16E0-3214-959D-4419C7CA43E2}</UniqueIdentifier>
    </Filter>
    <Filter Include="M3D_EXPORTER">
      <UniqueIdentifier>{A52D79E9-89BB-3E38-8381-92038498F389}</UniqueIdentifier>
    </Filter>
    <Filter Include="MD2">
      <UniqueIdentifier>{7FB71FEA-BAC8-3FF5-9795-DF42AF4F8440}</UniqueIdentifier>
    </Filter>
    <Filter Include="MD3">
      <UniqueIdentifier>{4812562C-74BE-34E2-B27C-2197215909C2}</UniqueIdentifier>
    </Filter>
    <Filter Include="MD5">
      <UniqueIdentifier>{3350F4D6-A66E-3531-926D-DD97B5B1FFBD}</UniqueIdentifier>
    </Filter>
    <Filter Include="MDC">
      <UniqueIdentifier>{6F760C4B-8C17-30F3-A67E-A53580E00CBF}</UniqueIdentifier>
    </Filter>
    <Filter Include="MDL">
      <UniqueIdentifier>{7D2B8052-6C17-37D6-8812-6CAA76F4B430}</UniqueIdentifier>
    </Filter>
    <Filter Include="MMD">
      <UniqueIdentifier>{3B48B431-A7E7-3065-9619-B43C61E9D37B}</UniqueIdentifier>
    </Filter>
    <Filter Include="MS3D">
      <UniqueIdentifier>{828E4DA1-B704-3B40-9785-BF09E2A2C841}</UniqueIdentifier>
    </Filter>
    <Filter Include="MaterialSystem">
      <UniqueIdentifier>{A9E3F1ED-CCF3-37C6-83E7-40018C2A1360}</UniqueIdentifier>
    </Filter>
    <Filter Include="NDO">
      <UniqueIdentifier>{1E4CC422-9565-33D6-AF0F-4F080B6C83C0}</UniqueIdentifier>
    </Filter>
    <Filter Include="NFF">
      <UniqueIdentifier>{95EF2C20-1FCE-3967-813B-35B670A8697A}</UniqueIdentifier>
    </Filter>
    <Filter Include="OBJ">
      <UniqueIdentifier>{0BE08F31-BB7D-32B5-9E9A-A9AE519BC818}</UniqueIdentifier>
    </Filter>
    <Filter Include="OBJ_EXPORTER">
      <UniqueIdentifier>{147DE2E7-D7F6-3339-B12D-9C99BA382D75}</UniqueIdentifier>
    </Filter>
    <Filter Include="OFF">
      <UniqueIdentifier>{6AFC2748-D974-3E60-9126-2476567A8399}</UniqueIdentifier>
    </Filter>
    <Filter Include="OGRE">
      <UniqueIdentifier>{9EF71B2B-3A6D-39B5-98BE-656DED11A6F2}</UniqueIdentifier>
    </Filter>
    <Filter Include="OPENGEX">
      <UniqueIdentifier>{029782B9-FE96-3884-96AA-5767C77EA4DE}</UniqueIdentifier>
    </Filter>
    <Filter Include="OPENGEX_EXPORTER">
      <UniqueIdentifier>{3D91E290-C709-3D2D-9D4A-9940DD088894}</UniqueIdentifier>
    </Filter>
    <Filter Include="PLY">
      <UniqueIdentifier>{E3A17A57-31FB-36B2-A05F-B3FF890D113D}</UniqueIdentifier>
    </Filter>
    <Filter Include="PLY_EXPORTER">
      <UniqueIdentifier>{6CCC6A40-3935-3FF7-971F-5B46BFEF2C15}</UniqueIdentifier>
    </Filter>
    <Filter Include="PostProcessing">
      <UniqueIdentifier>{4DC08502-1924-3C75-8860-96E3B6A8461B}</UniqueIdentifier>
    </Filter>
    <Filter Include="Q3BSP">
      <UniqueIdentifier>{A1C780BB-3C3F-3299-A7EF-EFC3908A9A3E}</UniqueIdentifier>
    </Filter>
    <Filter Include="Q3D">
      <UniqueIdentifier>{1E7E869B-AC26-3D7B-B479-7E18D0E359F2}</UniqueIdentifier>
    </Filter>
    <Filter Include="RAW">
      <UniqueIdentifier>{E5685778-08C8-34DB-A2A1-B81A5A791F24}</UniqueIdentifier>
    </Filter>
    <Filter Include="SIB">
      <UniqueIdentifier>{20D6C9BD-3DE7-3860-8957-CF002035106F}</UniqueIdentifier>
    </Filter>
    <Filter Include="SMD">
      <UniqueIdentifier>{0B85934D-84BA-33B3-BBF3-C52BD7CCFE03}</UniqueIdentifier>
    </Filter>
    <Filter Include="STEP">
      <UniqueIdentifier>{CBDFE3F0-331C-3B47-AB5C-463F540164B2}</UniqueIdentifier>
    </Filter>
    <Filter Include="STEPParser">
      <UniqueIdentifier>{86C2C7C2-80CF-39EE-BC03-6935509A7433}</UniqueIdentifier>
    </Filter>
    <Filter Include="STEP_EXPORTER">
      <UniqueIdentifier>{5404A026-88E0-3A8E-80A3-12E0938167C0}</UniqueIdentifier>
    </Filter>
    <Filter Include="STL">
      <UniqueIdentifier>{BCF2F7C8-89E8-3B7A-9A5B-F2DD74361AA9}</UniqueIdentifier>
    </Filter>
    <Filter Include="STL_EXPORTER">
      <UniqueIdentifier>{4F95E9E7-D395-3BAA-AD43-BA0D927968A7}</UniqueIdentifier>
    </Filter>
    <Filter Include="Source Files">
      <UniqueIdentifier>{F641DAD6-40F0-34CB-83C7-40E9086C9A91}</UniqueIdentifier>
    </Filter>
    <Filter Include="TERRAGEN">
      <UniqueIdentifier>{06F45F18-534C-39D0-8C42-243B7203B28A}</UniqueIdentifier>
    </Filter>
    <Filter Include="X">
      <UniqueIdentifier>{3BA58AFE-3E75-3579-84B5-96FBBDE4AB90}</UniqueIdentifier>
    </Filter>
    <Filter Include="X3D">
      <UniqueIdentifier>{A3873706-D383-3DC8-A0F5-A96FD154C1C3}</UniqueIdentifier>
    </Filter>
    <Filter Include="X3D_EXPORTER">
      <UniqueIdentifier>{F96319CE-EBC2-3418-A040-DE66518CA672}</UniqueIdentifier>
    </Filter>
    <Filter Include="XGL">
      <UniqueIdentifier>{6AF04466-AB5B-3232-B92B-F4B645B002D8}</UniqueIdentifier>
    </Filter>
    <Filter Include="X_EXPORTER">
      <UniqueIdentifier>{0D041D14-5000-35F1-9DBE-E4D79F17A701}</UniqueIdentifier>
    </Filter>
    <Filter Include="include">
      <UniqueIdentifier>{1F0E00C1-42C7-3693-A340-3E91F79DBE80}</UniqueIdentifier>
    </Filter>
    <Filter Include="include\assimp">
      <UniqueIdentifier>{4518CEC9-2396-3615-89BC-6B2821595521}</UniqueIdentifier>
    </Filter>
    <Filter Include="ziplib">
      <UniqueIdentifier>{8C8CE269-8EF2-3481-8CB6-DB50B10CD279}</UniqueIdentifier>
    </Filter>
  </ItemGroup>
</Project>
